// !$*UTF8*$!
{
	archiveVersion = 1;
	classes = {
	};
	objectVersion = 46;
	objects = {

/* Begin PBXBuildFile section */
		9A7F0C85197DD4B600BA923E /* Cocoa.framework in Frameworks */ = {isa = PBXBuildFile; fileRef = 9A3C20FA197DB25600A86F36 /* Cocoa.framework */; };
		9A7F0C91197DD4B600BA923E /* XCTest.framework in Frameworks */ = {isa = PBXBuildFile; fileRef = 9A3C210F197DB25600A86F36 /* XCTest.framework */; };
		9A7F0C92197DD4B600BA923E /* Cocoa.framework in Frameworks */ = {isa = PBXBuildFile; fileRef = 9A3C20FA197DB25600A86F36 /* Cocoa.framework */; };
		9A7F0C95197DD4B600BA923E /* MessagePack.dylib in Frameworks */ = {isa = PBXBuildFile; fileRef = 9A7F0C84197DD4B600BA923E /* MessagePack.dylib */; };
		9A7F0CA4197DD56900BA923E /* MessagePack_Tests.m in Sources */ = {isa = PBXBuildFile; fileRef = 9AE2E611197DD3CC003D23B6 /* MessagePack_Tests.m */; };
		9A7F0CA5197DD5A200BA923E /* MessagePackPacker.m in Sources */ = {isa = PBXBuildFile; fileRef = 9AE2E52C197DB492003D23B6 /* MessagePackPacker.m */; };
		9A7F0CA6197DD5A200BA923E /* MessagePackParser+Streaming.m in Sources */ = {isa = PBXBuildFile; fileRef = 9AE2E530197DB492003D23B6 /* MessagePackParser+Streaming.m */; };
		9A7F0CA7197DD5A200BA923E /* MessagePackParser.m in Sources */ = {isa = PBXBuildFile; fileRef = 9AE2E52E197DB492003D23B6 /* MessagePackParser.m */; };
		9A7F0CA8197DD5A200BA923E /* NSArray+MessagePack.m in Sources */ = {isa = PBXBuildFile; fileRef = 9AE2E548197DB492003D23B6 /* NSArray+MessagePack.m */; };
		9A7F0CA9197DD5A200BA923E /* NSData+MessagePack.m in Sources */ = {isa = PBXBuildFile; fileRef = 9AE2E54A197DB492003D23B6 /* NSData+MessagePack.m */; };
		9A7F0CAA197DD5A200BA923E /* NSDictionary+MessagePack.m in Sources */ = {isa = PBXBuildFile; fileRef = 9AE2E54C197DB492003D23B6 /* NSDictionary+MessagePack.m */; };
		9A7F0CAB197DD5A200BA923E /* NSNull+MessagePack.m in Sources */ = {isa = PBXBuildFile; fileRef = 9AE2E609197DC8E1003D23B6 /* NSNull+MessagePack.m */; };
		9A7F0CAC197DD5A200BA923E /* NSNumber+MessagePack.m in Sources */ = {isa = PBXBuildFile; fileRef = 9AE2E605197DC7D6003D23B6 /* NSNumber+MessagePack.m */; };
		9A7F0CAD197DD5A200BA923E /* NSString+MessagePack.m in Sources */ = {isa = PBXBuildFile; fileRef = 9AE2E59E197DB8FB003D23B6 /* NSString+MessagePack.m */; };
		9A7F0CAE197DD5AA00BA923E /* objectc.c in Sources */ = {isa = PBXBuildFile; fileRef = 9AE2E5D3197DBF9C003D23B6 /* objectc.c */; };
		9A7F0CAF197DD5AA00BA923E /* unpack.c in Sources */ = {isa = PBXBuildFile; fileRef = 9AE2E5D4197DBF9C003D23B6 /* unpack.c */; };
		9A7F0CB0197DD5AA00BA923E /* version.c in Sources */ = {isa = PBXBuildFile; fileRef = 9AE2E5D5197DBF9C003D23B6 /* version.c */; };
		9A7F0CB1197DD5AA00BA923E /* vrefbuffer.c in Sources */ = {isa = PBXBuildFile; fileRef = 9AE2E5D6197DBF9C003D23B6 /* vrefbuffer.c */; };
		9A7F0CB2197DD5AA00BA923E /* zone.c in Sources */ = {isa = PBXBuildFile; fileRef = 9AE2E5D7197DBF9C003D23B6 /* zone.c */; };
		9A7F0CD2197DD70500BA923E /* Cocoa.framework in Frameworks */ = {isa = PBXBuildFile; fileRef = 9A3C20FA197DB25600A86F36 /* Cocoa.framework */; };
		9A7F0CDE197DD70500BA923E /* XCTest.framework in Frameworks */ = {isa = PBXBuildFile; fileRef = 9A3C210F197DB25600A86F36 /* XCTest.framework */; };
		9A7F0CDF197DD70500BA923E /* Cocoa.framework in Frameworks */ = {isa = PBXBuildFile; fileRef = 9A3C20FA197DB25600A86F36 /* Cocoa.framework */; };
		9A7F0CE2197DD70500BA923E /* libMessagePack.a in Frameworks */ = {isa = PBXBuildFile; fileRef = 9A7F0CD1197DD70500BA923E /* libMessagePack.a */; };
		9A7F0CF1197DD77C00BA923E /* MessagePackPacker.m in Sources */ = {isa = PBXBuildFile; fileRef = 9AE2E52C197DB492003D23B6 /* MessagePackPacker.m */; };
		9A7F0CF2197DD77C00BA923E /* MessagePackParser+Streaming.m in Sources */ = {isa = PBXBuildFile; fileRef = 9AE2E530197DB492003D23B6 /* MessagePackParser+Streaming.m */; };
		9A7F0CF3197DD77C00BA923E /* MessagePackParser.m in Sources */ = {isa = PBXBuildFile; fileRef = 9AE2E52E197DB492003D23B6 /* MessagePackParser.m */; };
		9A7F0CF4197DD77C00BA923E /* NSArray+MessagePack.m in Sources */ = {isa = PBXBuildFile; fileRef = 9AE2E548197DB492003D23B6 /* NSArray+MessagePack.m */; };
		9A7F0CF5197DD77C00BA923E /* NSData+MessagePack.m in Sources */ = {isa = PBXBuildFile; fileRef = 9AE2E54A197DB492003D23B6 /* NSData+MessagePack.m */; };
		9A7F0CF6197DD77C00BA923E /* NSDictionary+MessagePack.m in Sources */ = {isa = PBXBuildFile; fileRef = 9AE2E54C197DB492003D23B6 /* NSDictionary+MessagePack.m */; };
		9A7F0CF7197DD77C00BA923E /* NSNull+MessagePack.m in Sources */ = {isa = PBXBuildFile; fileRef = 9AE2E609197DC8E1003D23B6 /* NSNull+MessagePack.m */; };
		9A7F0CF8197DD77C00BA923E /* NSNumber+MessagePack.m in Sources */ = {isa = PBXBuildFile; fileRef = 9AE2E605197DC7D6003D23B6 /* NSNumber+MessagePack.m */; };
		9A7F0CF9197DD77C00BA923E /* NSString+MessagePack.m in Sources */ = {isa = PBXBuildFile; fileRef = 9AE2E59E197DB8FB003D23B6 /* NSString+MessagePack.m */; };
		9A7F0CFA197DD78400BA923E /* objectc.c in Sources */ = {isa = PBXBuildFile; fileRef = 9AE2E5D3197DBF9C003D23B6 /* objectc.c */; };
		9A7F0CFB197DD78400BA923E /* unpack.c in Sources */ = {isa = PBXBuildFile; fileRef = 9AE2E5D4197DBF9C003D23B6 /* unpack.c */; };
		9A7F0CFC197DD78400BA923E /* version.c in Sources */ = {isa = PBXBuildFile; fileRef = 9AE2E5D5197DBF9C003D23B6 /* version.c */; };
		9A7F0CFD197DD78400BA923E /* vrefbuffer.c in Sources */ = {isa = PBXBuildFile; fileRef = 9AE2E5D6197DBF9C003D23B6 /* vrefbuffer.c */; };
		9A7F0CFE197DD78400BA923E /* zone.c in Sources */ = {isa = PBXBuildFile; fileRef = 9AE2E5D7197DBF9C003D23B6 /* zone.c */; };
		9A7F0CFF197DD7B600BA923E /* MessagePack_Tests.m in Sources */ = {isa = PBXBuildFile; fileRef = 9AE2E611197DD3CC003D23B6 /* MessagePack_Tests.m */; };
		9AE2E553197DB4D6003D23B6 /* Cocoa.framework in Frameworks */ = {isa = PBXBuildFile; fileRef = 9A3C20FA197DB25600A86F36 /* Cocoa.framework */; };
		9AE2E559197DB4D6003D23B6 /* InfoPlist.strings in Resources */ = {isa = PBXBuildFile; fileRef = 9AE2E557197DB4D6003D23B6 /* InfoPlist.strings */; };
		9AE2E58A197DB5FB003D23B6 /* MessagePackPacker.m in Sources */ = {isa = PBXBuildFile; fileRef = 9AE2E52C197DB492003D23B6 /* MessagePackPacker.m */; };
		9AE2E58B197DB5FB003D23B6 /* MessagePackParser.m in Sources */ = {isa = PBXBuildFile; fileRef = 9AE2E52E197DB492003D23B6 /* MessagePackParser.m */; };
		9AE2E58C197DB5FB003D23B6 /* MessagePackParser+Streaming.m in Sources */ = {isa = PBXBuildFile; fileRef = 9AE2E530197DB492003D23B6 /* MessagePackParser+Streaming.m */; };
		9AE2E58D197DB5FB003D23B6 /* NSArray+MessagePack.m in Sources */ = {isa = PBXBuildFile; fileRef = 9AE2E548197DB492003D23B6 /* NSArray+MessagePack.m */; };
		9AE2E58E197DB5FB003D23B6 /* NSData+MessagePack.m in Sources */ = {isa = PBXBuildFile; fileRef = 9AE2E54A197DB492003D23B6 /* NSData+MessagePack.m */; };
		9AE2E58F197DB5FB003D23B6 /* NSDictionary+MessagePack.m in Sources */ = {isa = PBXBuildFile; fileRef = 9AE2E54C197DB492003D23B6 /* NSDictionary+MessagePack.m */; };
		9AE2E595197DB73C003D23B6 /* MessagePack.h in Headers */ = {isa = PBXBuildFile; fileRef = 9AE2E52A197DB492003D23B6 /* MessagePack.h */; settings = {ATTRIBUTES = (Public, ); }; };
		9AE2E596197DB73C003D23B6 /* MessagePackPacker.h in Headers */ = {isa = PBXBuildFile; fileRef = 9AE2E52B197DB492003D23B6 /* MessagePackPacker.h */; settings = {ATTRIBUTES = (Public, ); }; };
		9AE2E597197DB73C003D23B6 /* MessagePackParser.h in Headers */ = {isa = PBXBuildFile; fileRef = 9AE2E52D197DB492003D23B6 /* MessagePackParser.h */; settings = {ATTRIBUTES = (Public, ); }; };
		9AE2E598197DB73C003D23B6 /* MessagePackParser+Streaming.h in Headers */ = {isa = PBXBuildFile; fileRef = 9AE2E52F197DB492003D23B6 /* MessagePackParser+Streaming.h */; settings = {ATTRIBUTES = (Public, ); }; };
		9AE2E599197DB73C003D23B6 /* NSArray+MessagePack.h in Headers */ = {isa = PBXBuildFile; fileRef = 9AE2E547197DB492003D23B6 /* NSArray+MessagePack.h */; settings = {ATTRIBUTES = (Public, ); }; };
		9AE2E59A197DB73C003D23B6 /* NSData+MessagePack.h in Headers */ = {isa = PBXBuildFile; fileRef = 9AE2E549197DB492003D23B6 /* NSData+MessagePack.h */; settings = {ATTRIBUTES = (Public, ); }; };
		9AE2E59B197DB73C003D23B6 /* NSDictionary+MessagePack.h in Headers */ = {isa = PBXBuildFile; fileRef = 9AE2E54B197DB492003D23B6 /* NSDictionary+MessagePack.h */; settings = {ATTRIBUTES = (Public, ); }; };
		9AE2E59F197DB8FB003D23B6 /* NSString+MessagePack.h in Headers */ = {isa = PBXBuildFile; fileRef = 9AE2E59D197DB8FB003D23B6 /* NSString+MessagePack.h */; settings = {ATTRIBUTES = (Public, ); }; };
		9AE2E5A0197DB8FB003D23B6 /* NSString+MessagePack.m in Sources */ = {isa = PBXBuildFile; fileRef = 9AE2E59E197DB8FB003D23B6 /* NSString+MessagePack.m */; };
		9AE2E5A6197DBA5D003D23B6 /* XCTest.framework in Frameworks */ = {isa = PBXBuildFile; fileRef = 9A3C210F197DB25600A86F36 /* XCTest.framework */; };
		9AE2E5DF197DBFBD003D23B6 /* objectc.c in Sources */ = {isa = PBXBuildFile; fileRef = 9AE2E5D3197DBF9C003D23B6 /* objectc.c */; };
		9AE2E5E0197DBFBD003D23B6 /* unpack.c in Sources */ = {isa = PBXBuildFile; fileRef = 9AE2E5D4197DBF9C003D23B6 /* unpack.c */; };
		9AE2E5E1197DBFBD003D23B6 /* version.c in Sources */ = {isa = PBXBuildFile; fileRef = 9AE2E5D5197DBF9C003D23B6 /* version.c */; };
		9AE2E5E2197DBFBD003D23B6 /* vrefbuffer.c in Sources */ = {isa = PBXBuildFile; fileRef = 9AE2E5D6197DBF9C003D23B6 /* vrefbuffer.c */; };
		9AE2E5E3197DBFBD003D23B6 /* zone.c in Sources */ = {isa = PBXBuildFile; fileRef = 9AE2E5D7197DBF9C003D23B6 /* zone.c */; };
		9AE2E603197DC36B003D23B6 /* MessagePack.framework in Frameworks */ = {isa = PBXBuildFile; fileRef = 9AE2E552197DB4D6003D23B6 /* MessagePack.framework */; };
		9AE2E606197DC7D6003D23B6 /* NSNumber+MessagePack.h in Headers */ = {isa = PBXBuildFile; fileRef = 9AE2E604197DC7D6003D23B6 /* NSNumber+MessagePack.h */; settings = {ATTRIBUTES = (Public, ); }; };
		9AE2E607197DC7D6003D23B6 /* NSNumber+MessagePack.m in Sources */ = {isa = PBXBuildFile; fileRef = 9AE2E605197DC7D6003D23B6 /* NSNumber+MessagePack.m */; };
		9AE2E60A197DC8E1003D23B6 /* NSNull+MessagePack.h in Headers */ = {isa = PBXBuildFile; fileRef = 9AE2E608197DC8E1003D23B6 /* NSNull+MessagePack.h */; };
		9AE2E60B197DC8E1003D23B6 /* NSNull+MessagePack.m in Sources */ = {isa = PBXBuildFile; fileRef = 9AE2E609197DC8E1003D23B6 /* NSNull+MessagePack.m */; };
		9AE2E613197DD3F0003D23B6 /* MessagePack_Tests.m in Sources */ = {isa = PBXBuildFile; fileRef = 9AE2E611197DD3CC003D23B6 /* MessagePack_Tests.m */; };
/* End PBXBuildFile section */

/* Begin PBXContainerItemProxy section */
		9A7F0C93197DD4B600BA923E /* PBXContainerItemProxy */ = {
			isa = PBXContainerItemProxy;
			containerPortal = 9A3C20EE197DB25600A86F36 /* Project object */;
			proxyType = 1;
			remoteGlobalIDString = 9A7F0C83197DD4B600BA923E;
			remoteInfo = "MessagePack-dynamic";
		};
		9A7F0CE0197DD70500BA923E /* PBXContainerItemProxy */ = {
			isa = PBXContainerItemProxy;
			containerPortal = 9A3C20EE197DB25600A86F36 /* Project object */;
			proxyType = 1;
			remoteGlobalIDString = 9A7F0CD0197DD70500BA923E;
			remoteInfo = "MessagePack-static";
		};
		9AE2E5B0197DBA5D003D23B6 /* PBXContainerItemProxy */ = {
			isa = PBXContainerItemProxy;
			containerPortal = 9A3C20EE197DB25600A86F36 /* Project object */;
			proxyType = 1;
			remoteGlobalIDString = 9AE2E551197DB4D6003D23B6;
			remoteInfo = "MessagePack-framework";
		};
/* End PBXContainerItemProxy section */

/* Begin PBXFileReference section */
		9A3C20FA197DB25600A86F36 /* Cocoa.framework */ = {isa = PBXFileReference; lastKnownFileType = wrapper.framework; name = Cocoa.framework; path = System/Library/Frameworks/Cocoa.framework; sourceTree = SDKROOT; };
		9A3C20FD197DB25600A86F36 /* Foundation.framework */ = {isa = PBXFileReference; lastKnownFileType = wrapper.framework; name = Foundation.framework; path = System/Library/Frameworks/Foundation.framework; sourceTree = SDKROOT; };
		9A3C20FE197DB25600A86F36 /* CoreData.framework */ = {isa = PBXFileReference; lastKnownFileType = wrapper.framework; name = CoreData.framework; path = System/Library/Frameworks/CoreData.framework; sourceTree = SDKROOT; };
		9A3C20FF197DB25600A86F36 /* AppKit.framework */ = {isa = PBXFileReference; lastKnownFileType = wrapper.framework; name = AppKit.framework; path = System/Library/Frameworks/AppKit.framework; sourceTree = SDKROOT; };
		9A3C210F197DB25600A86F36 /* XCTest.framework */ = {isa = PBXFileReference; lastKnownFileType = wrapper.framework; name = XCTest.framework; path = Library/Frameworks/XCTest.framework; sourceTree = DEVELOPER_DIR; };
		9A7F0C84197DD4B600BA923E /* MessagePack.dylib */ = {isa = PBXFileReference; explicitFileType = "compiled.mach-o.dylib"; includeInIndex = 0; path = MessagePack.dylib; sourceTree = BUILT_PRODUCTS_DIR; };
		9A7F0C88197DD4B600BA923E /* MessagePack-Prefix.pch */ = {isa = PBXFileReference; lastKnownFileType = sourcecode.c.h; path = "MessagePack-Prefix.pch"; sourceTree = "<group>"; };
		9A7F0C90197DD4B600BA923E /* MessagePack-dynamicTests.xctest */ = {isa = PBXFileReference; explicitFileType = wrapper.cfbundle; includeInIndex = 0; path = "MessagePack-dynamicTests.xctest"; sourceTree = BUILT_PRODUCTS_DIR; };
		9A7F0CD1197DD70500BA923E /* libMessagePack.a */ = {isa = PBXFileReference; explicitFileType = archive.ar; includeInIndex = 0; path = libMessagePack.a; sourceTree = BUILT_PRODUCTS_DIR; };
		9A7F0CD5197DD70500BA923E /* MessagePack-Prefix.pch */ = {isa = PBXFileReference; lastKnownFileType = sourcecode.c.h; path = "MessagePack-Prefix.pch"; sourceTree = "<group>"; };
		9A7F0CDD197DD70500BA923E /* MessagePack-staticTests.xctest */ = {isa = PBXFileReference; explicitFileType = wrapper.cfbundle; includeInIndex = 0; path = "MessagePack-staticTests.xctest"; sourceTree = BUILT_PRODUCTS_DIR; };
		9AE2E52A197DB492003D23B6 /* MessagePack.h */ = {isa = PBXFileReference; lastKnownFileType = sourcecode.c.h; name = MessagePack.h; path = ../MessagePack.h; sourceTree = "<group>"; };
		9AE2E52B197DB492003D23B6 /* MessagePackPacker.h */ = {isa = PBXFileReference; lastKnownFileType = sourcecode.c.h; name = MessagePackPacker.h; path = ../MessagePackPacker.h; sourceTree = "<group>"; };
		9AE2E52C197DB492003D23B6 /* MessagePackPacker.m */ = {isa = PBXFileReference; lastKnownFileType = sourcecode.c.objc; name = MessagePackPacker.m; path = ../MessagePackPacker.m; sourceTree = "<group>"; };
		9AE2E52D197DB492003D23B6 /* MessagePackParser.h */ = {isa = PBXFileReference; lastKnownFileType = sourcecode.c.h; name = MessagePackParser.h; path = ../MessagePackParser.h; sourceTree = "<group>"; };
		9AE2E52E197DB492003D23B6 /* MessagePackParser.m */ = {isa = PBXFileReference; lastKnownFileType = sourcecode.c.objc; name = MessagePackParser.m; path = ../MessagePackParser.m; sourceTree = "<group>"; };
		9AE2E52F197DB492003D23B6 /* MessagePackParser+Streaming.h */ = {isa = PBXFileReference; lastKnownFileType = sourcecode.c.h; name = "MessagePackParser+Streaming.h"; path = "../MessagePackParser+Streaming.h"; sourceTree = "<group>"; };
		9AE2E530197DB492003D23B6 /* MessagePackParser+Streaming.m */ = {isa = PBXFileReference; lastKnownFileType = sourcecode.c.objc; name = "MessagePackParser+Streaming.m"; path = "../MessagePackParser+Streaming.m"; sourceTree = "<group>"; };
		9AE2E547197DB492003D23B6 /* NSArray+MessagePack.h */ = {isa = PBXFileReference; lastKnownFileType = sourcecode.c.h; name = "NSArray+MessagePack.h"; path = "../NSArray+MessagePack.h"; sourceTree = "<group>"; };
		9AE2E548197DB492003D23B6 /* NSArray+MessagePack.m */ = {isa = PBXFileReference; lastKnownFileType = sourcecode.c.objc; name = "NSArray+MessagePack.m"; path = "../NSArray+MessagePack.m"; sourceTree = "<group>"; };
		9AE2E549197DB492003D23B6 /* NSData+MessagePack.h */ = {isa = PBXFileReference; lastKnownFileType = sourcecode.c.h; name = "NSData+MessagePack.h"; path = "../NSData+MessagePack.h"; sourceTree = "<group>"; };
		9AE2E54A197DB492003D23B6 /* NSData+MessagePack.m */ = {isa = PBXFileReference; lastKnownFileType = sourcecode.c.objc; name = "NSData+MessagePack.m"; path = "../NSData+MessagePack.m"; sourceTree = "<group>"; };
		9AE2E54B197DB492003D23B6 /* NSDictionary+MessagePack.h */ = {isa = PBXFileReference; lastKnownFileType = sourcecode.c.h; name = "NSDictionary+MessagePack.h"; path = "../NSDictionary+MessagePack.h"; sourceTree = "<group>"; };
		9AE2E54C197DB492003D23B6 /* NSDictionary+MessagePack.m */ = {isa = PBXFileReference; lastKnownFileType = sourcecode.c.objc; name = "NSDictionary+MessagePack.m"; path = "../NSDictionary+MessagePack.m"; sourceTree = "<group>"; };
		9AE2E552197DB4D6003D23B6 /* MessagePack.framework */ = {isa = PBXFileReference; explicitFileType = wrapper.framework; includeInIndex = 0; path = MessagePack.framework; sourceTree = BUILT_PRODUCTS_DIR; };
		9AE2E556197DB4D6003D23B6 /* MessagePack-Info.plist */ = {isa = PBXFileReference; lastKnownFileType = text.plist.xml; path = "MessagePack-Info.plist"; sourceTree = "<group>"; };
		9AE2E558197DB4D6003D23B6 /* en */ = {isa = PBXFileReference; lastKnownFileType = text.plist.strings; name = en; path = en.lproj/InfoPlist.strings; sourceTree = "<group>"; };
		9AE2E55A197DB4D6003D23B6 /* MessagePack-Prefix.pch */ = {isa = PBXFileReference; lastKnownFileType = sourcecode.c.h; path = "MessagePack-Prefix.pch"; sourceTree = "<group>"; };
		9AE2E59D197DB8FB003D23B6 /* NSString+MessagePack.h */ = {isa = PBXFileReference; fileEncoding = 4; lastKnownFileType = sourcecode.c.h; name = "NSString+MessagePack.h"; path = "../NSString+MessagePack.h"; sourceTree = "<group>"; };
		9AE2E59E197DB8FB003D23B6 /* NSString+MessagePack.m */ = {isa = PBXFileReference; fileEncoding = 4; lastKnownFileType = sourcecode.c.objc; name = "NSString+MessagePack.m"; path = "../NSString+MessagePack.m"; sourceTree = "<group>"; };
		9AE2E5A5197DBA5D003D23B6 /* MessagePack-framework Tests.xctest */ = {isa = PBXFileReference; explicitFileType = wrapper.cfbundle; includeInIndex = 0; path = "MessagePack-framework Tests.xctest"; sourceTree = BUILT_PRODUCTS_DIR; };
		9AE2E5D2197DBF9C003D23B6 /* msgpack.h */ = {isa = PBXFileReference; fileEncoding = 4; lastKnownFileType = sourcecode.c.h; name = msgpack.h; path = ../msgpack_src/msgpack.h; sourceTree = "<group>"; };
		9AE2E5D3197DBF9C003D23B6 /* objectc.c */ = {isa = PBXFileReference; fileEncoding = 4; lastKnownFileType = sourcecode.c.c; name = objectc.c; path = ../msgpack_src/objectc.c; sourceTree = "<group>"; };
		9AE2E5D4197DBF9C003D23B6 /* unpack.c */ = {isa = PBXFileReference; fileEncoding = 4; lastKnownFileType = sourcecode.c.c; name = unpack.c; path = ../msgpack_src/unpack.c; sourceTree = "<group>"; };
		9AE2E5D5197DBF9C003D23B6 /* version.c */ = {isa = PBXFileReference; fileEncoding = 4; lastKnownFileType = sourcecode.c.c; name = version.c; path = ../msgpack_src/version.c; sourceTree = "<group>"; };
		9AE2E5D6197DBF9C003D23B6 /* vrefbuffer.c */ = {isa = PBXFileReference; fileEncoding = 4; lastKnownFileType = sourcecode.c.c; name = vrefbuffer.c; path = ../msgpack_src/vrefbuffer.c; sourceTree = "<group>"; };
		9AE2E5D7197DBF9C003D23B6 /* zone.c */ = {isa = PBXFileReference; fileEncoding = 4; lastKnownFileType = sourcecode.c.c; name = zone.c; path = ../msgpack_src/zone.c; sourceTree = "<group>"; };
		9AE2E5E6197DC079003D23B6 /* object.h */ = {isa = PBXFileReference; fileEncoding = 4; lastKnownFileType = sourcecode.c.h; path = object.h; sourceTree = "<group>"; };
		9AE2E5E7197DC079003D23B6 /* pack.h */ = {isa = PBXFileReference; fileEncoding = 4; lastKnownFileType = sourcecode.c.h; path = pack.h; sourceTree = "<group>"; };
		9AE2E5E8197DC079003D23B6 /* pack_define.h */ = {isa = PBXFileReference; fileEncoding = 4; lastKnownFileType = sourcecode.c.h; path = pack_define.h; sourceTree = "<group>"; };
		9AE2E5E9197DC079003D23B6 /* pack_template.h */ = {isa = PBXFileReference; fileEncoding = 4; lastKnownFileType = sourcecode.c.h; path = pack_template.h; sourceTree = "<group>"; };
		9AE2E5EA197DC079003D23B6 /* sbuffer.h */ = {isa = PBXFileReference; fileEncoding = 4; lastKnownFileType = sourcecode.c.h; path = sbuffer.h; sourceTree = "<group>"; };
		9AE2E5EB197DC079003D23B6 /* sysdep.h */ = {isa = PBXFileReference; fileEncoding = 4; lastKnownFileType = sourcecode.c.h; path = sysdep.h; sourceTree = "<group>"; };
		9AE2E5EC197DC079003D23B6 /* unpack.h */ = {isa = PBXFileReference; fileEncoding = 4; lastKnownFileType = sourcecode.c.h; path = unpack.h; sourceTree = "<group>"; };
		9AE2E5ED197DC079003D23B6 /* unpack_define.h */ = {isa = PBXFileReference; fileEncoding = 4; lastKnownFileType = sourcecode.c.h; path = unpack_define.h; sourceTree = "<group>"; };
		9AE2E5EE197DC079003D23B6 /* unpack_template.h */ = {isa = PBXFileReference; fileEncoding = 4; lastKnownFileType = sourcecode.c.h; path = unpack_template.h; sourceTree = "<group>"; };
		9AE2E5EF197DC079003D23B6 /* version.h */ = {isa = PBXFileReference; fileEncoding = 4; lastKnownFileType = sourcecode.c.h; path = version.h; sourceTree = "<group>"; };
		9AE2E5F0197DC079003D23B6 /* version_master.h */ = {isa = PBXFileReference; fileEncoding = 4; lastKnownFileType = sourcecode.c.h; path = version_master.h; sourceTree = "<group>"; };
		9AE2E5F1197DC079003D23B6 /* vrefbuffer.h */ = {isa = PBXFileReference; fileEncoding = 4; lastKnownFileType = sourcecode.c.h; path = vrefbuffer.h; sourceTree = "<group>"; };
		9AE2E5F2197DC079003D23B6 /* zbuffer.h */ = {isa = PBXFileReference; fileEncoding = 4; lastKnownFileType = sourcecode.c.h; path = zbuffer.h; sourceTree = "<group>"; };
		9AE2E5F3197DC079003D23B6 /* zone.h */ = {isa = PBXFileReference; fileEncoding = 4; lastKnownFileType = sourcecode.c.h; path = zone.h; sourceTree = "<group>"; };
		9AE2E604197DC7D6003D23B6 /* NSNumber+MessagePack.h */ = {isa = PBXFileReference; fileEncoding = 4; lastKnownFileType = sourcecode.c.h; name = "NSNumber+MessagePack.h"; path = "../NSNumber+MessagePack.h"; sourceTree = "<group>"; };
		9AE2E605197DC7D6003D23B6 /* NSNumber+MessagePack.m */ = {isa = PBXFileReference; fileEncoding = 4; lastKnownFileType = sourcecode.c.objc; name = "NSNumber+MessagePack.m"; path = "../NSNumber+MessagePack.m"; sourceTree = "<group>"; };
		9AE2E608197DC8E1003D23B6 /* NSNull+MessagePack.h */ = {isa = PBXFileReference; fileEncoding = 4; lastKnownFileType = sourcecode.c.h; name = "NSNull+MessagePack.h"; path = "../NSNull+MessagePack.h"; sourceTree = "<group>"; };
		9AE2E609197DC8E1003D23B6 /* NSNull+MessagePack.m */ = {isa = PBXFileReference; fileEncoding = 4; lastKnownFileType = sourcecode.c.objc; name = "NSNull+MessagePack.m"; path = "../NSNull+MessagePack.m"; sourceTree = "<group>"; };
		9AE2E60E197DD3CC003D23B6 /* en */ = {isa = PBXFileReference; lastKnownFileType = text.plist.strings; name = en; path = en.lproj/InfoPlist.strings; sourceTree = "<group>"; };
		9AE2E60F197DD3CC003D23B6 /* MessagePackTests-Info.plist */ = {isa = PBXFileReference; lastKnownFileType = text.plist.xml; path = "MessagePackTests-Info.plist"; sourceTree = "<group>"; };
		9AE2E610197DD3CC003D23B6 /* MessagePackTests-Prefix.pch */ = {isa = PBXFileReference; lastKnownFileType = sourcecode.c.h; path = "MessagePackTests-Prefix.pch"; sourceTree = "<group>"; };
		9AE2E611197DD3CC003D23B6 /* MessagePack_Tests.m */ = {isa = PBXFileReference; lastKnownFileType = sourcecode.c.objc; path = MessagePack_Tests.m; sourceTree = "<group>"; };
/* End PBXFileReference section */

/* Begin PBXFrameworksBuildPhase section */
		9A7F0C81197DD4B600BA923E /* Frameworks */ = {
			isa = PBXFrameworksBuildPhase;
			buildActionMask = 2147483647;
			files = (
				9A7F0C85197DD4B600BA923E /* Cocoa.framework in Frameworks */,
			);
			runOnlyForDeploymentPostprocessing = 0;
		};
		9A7F0C8D197DD4B600BA923E /* Frameworks */ = {
			isa = PBXFrameworksBuildPhase;
			buildActionMask = 2147483647;
			files = (
				9A7F0C92197DD4B600BA923E /* Cocoa.framework in Frameworks */,
				9A7F0C91197DD4B600BA923E /* XCTest.framework in Frameworks */,
				9A7F0C95197DD4B600BA923E /* MessagePack.dylib in Frameworks */,
			);
			runOnlyForDeploymentPostprocessing = 0;
		};
		9A7F0CCE197DD70500BA923E /* Frameworks */ = {
			isa = PBXFrameworksBuildPhase;
			buildActionMask = 2147483647;
			files = (
				9A7F0CD2197DD70500BA923E /* Cocoa.framework in Frameworks */,
			);
			runOnlyForDeploymentPostprocessing = 0;
		};
		9A7F0CDA197DD70500BA923E /* Frameworks */ = {
			isa = PBXFrameworksBuildPhase;
			buildActionMask = 2147483647;
			files = (
				9A7F0CDF197DD70500BA923E /* Cocoa.framework in Frameworks */,
				9A7F0CDE197DD70500BA923E /* XCTest.framework in Frameworks */,
				9A7F0CE2197DD70500BA923E /* libMessagePack.a in Frameworks */,
			);
			runOnlyForDeploymentPostprocessing = 0;
		};
		9AE2E54E197DB4D6003D23B6 /* Frameworks */ = {
			isa = PBXFrameworksBuildPhase;
			buildActionMask = 2147483647;
			files = (
				9AE2E553197DB4D6003D23B6 /* Cocoa.framework in Frameworks */,
			);
			runOnlyForDeploymentPostprocessing = 0;
		};
		9AE2E5A2197DBA5D003D23B6 /* Frameworks */ = {
			isa = PBXFrameworksBuildPhase;
			buildActionMask = 2147483647;
			files = (
				9AE2E603197DC36B003D23B6 /* MessagePack.framework in Frameworks */,
				9AE2E5A6197DBA5D003D23B6 /* XCTest.framework in Frameworks */,
			);
			runOnlyForDeploymentPostprocessing = 0;
		};
/* End PBXFrameworksBuildPhase section */

/* Begin PBXGroup section */
		9A3C20ED197DB25600A86F36 = {
			isa = PBXGroup;
			children = (
				9AE2E529197DB484003D23B6 /* Sources */,
				9AE2E554197DB4D6003D23B6 /* MessagePack-framework */,
				9A7F0C86197DD4B600BA923E /* MessagePack-dynamic */,
				9A7F0CD3197DD70500BA923E /* MessagePack-static */,
				9AE2E60C197DD3CC003D23B6 /* MessagePackTests */,
				9A3C20F9197DB25600A86F36 /* Frameworks */,
				9A3C20F8197DB25600A86F36 /* Products */,
			);
			sourceTree = "<group>";
		};
		9A3C20F8197DB25600A86F36 /* Products */ = {
			isa = PBXGroup;
			children = (
				9AE2E552197DB4D6003D23B6 /* MessagePack.framework */,
				9AE2E5A5197DBA5D003D23B6 /* MessagePack-framework Tests.xctest */,
				9A7F0C84197DD4B600BA923E /* MessagePack.dylib */,
				9A7F0C90197DD4B600BA923E /* MessagePack-dynamicTests.xctest */,
				9A7F0CD1197DD70500BA923E /* libMessagePack.a */,
				9A7F0CDD197DD70500BA923E /* MessagePack-staticTests.xctest */,
			);
			name = Products;
			sourceTree = "<group>";
		};
		9A3C20F9197DB25600A86F36 /* Frameworks */ = {
			isa = PBXGroup;
			children = (
				9A3C20FA197DB25600A86F36 /* Cocoa.framework */,
				9A3C210F197DB25600A86F36 /* XCTest.framework */,
				9A3C20FC197DB25600A86F36 /* Other Frameworks */,
			);
			name = Frameworks;
			sourceTree = "<group>";
		};
		9A3C20FC197DB25600A86F36 /* Other Frameworks */ = {
			isa = PBXGroup;
			children = (
				9A3C20FD197DB25600A86F36 /* Foundation.framework */,
				9A3C20FE197DB25600A86F36 /* CoreData.framework */,
				9A3C20FF197DB25600A86F36 /* AppKit.framework */,
			);
			name = "Other Frameworks";
			sourceTree = "<group>";
		};
		9A7F0C86197DD4B600BA923E /* MessagePack-dynamic */ = {
			isa = PBXGroup;
			children = (
				9A7F0C87197DD4B600BA923E /* Supporting Files */,
			);
			path = "MessagePack-dynamic";
			sourceTree = "<group>";
		};
		9A7F0C87197DD4B600BA923E /* Supporting Files */ = {
			isa = PBXGroup;
			children = (
				9A7F0C88197DD4B600BA923E /* MessagePack-Prefix.pch */,
			);
			name = "Supporting Files";
			sourceTree = "<group>";
		};
		9A7F0CD3197DD70500BA923E /* MessagePack-static */ = {
			isa = PBXGroup;
			children = (
				9A7F0CD4197DD70500BA923E /* Supporting Files */,
			);
			path = "MessagePack-static";
			sourceTree = "<group>";
		};
		9A7F0CD4197DD70500BA923E /* Supporting Files */ = {
			isa = PBXGroup;
			children = (
				9A7F0CD5197DD70500BA923E /* MessagePack-Prefix.pch */,
			);
			name = "Supporting Files";
			sourceTree = "<group>";
		};
		9AE2E529197DB484003D23B6 /* Sources */ = {
			isa = PBXGroup;
			children = (
				9AE2E5D0197DBF8A003D23B6 /* msgpack_src */,
				9AE2E52A197DB492003D23B6 /* MessagePack.h */,
				9AE2E52B197DB492003D23B6 /* MessagePackPacker.h */,
				9AE2E52C197DB492003D23B6 /* MessagePackPacker.m */,
				9AE2E52F197DB492003D23B6 /* MessagePackParser+Streaming.h */,
				9AE2E530197DB492003D23B6 /* MessagePackParser+Streaming.m */,
				9AE2E52D197DB492003D23B6 /* MessagePackParser.h */,
				9AE2E52E197DB492003D23B6 /* MessagePackParser.m */,
				9AE2E547197DB492003D23B6 /* NSArray+MessagePack.h */,
				9AE2E548197DB492003D23B6 /* NSArray+MessagePack.m */,
				9AE2E549197DB492003D23B6 /* NSData+MessagePack.h */,
				9AE2E54A197DB492003D23B6 /* NSData+MessagePack.m */,
				9AE2E54B197DB492003D23B6 /* NSDictionary+MessagePack.h */,
				9AE2E54C197DB492003D23B6 /* NSDictionary+MessagePack.m */,
				9AE2E608197DC8E1003D23B6 /* NSNull+MessagePack.h */,
				9AE2E609197DC8E1003D23B6 /* NSNull+MessagePack.m */,
				9AE2E604197DC7D6003D23B6 /* NSNumber+MessagePack.h */,
				9AE2E605197DC7D6003D23B6 /* NSNumber+MessagePack.m */,
				9AE2E59D197DB8FB003D23B6 /* NSString+MessagePack.h */,
				9AE2E59E197DB8FB003D23B6 /* NSString+MessagePack.m */,
			);
			name = Sources;
			sourceTree = "<group>";
		};
		9AE2E554197DB4D6003D23B6 /* MessagePack-framework */ = {
			isa = PBXGroup;
			children = (
				9AE2E555197DB4D6003D23B6 /* Supporting Files */,
			);
			path = "MessagePack-framework";
			sourceTree = "<group>";
		};
		9AE2E555197DB4D6003D23B6 /* Supporting Files */ = {
			isa = PBXGroup;
			children = (
				9AE2E556197DB4D6003D23B6 /* MessagePack-Info.plist */,
				9AE2E557197DB4D6003D23B6 /* InfoPlist.strings */,
				9AE2E55A197DB4D6003D23B6 /* MessagePack-Prefix.pch */,
			);
			name = "Supporting Files";
			sourceTree = "<group>";
		};
		9AE2E5D0197DBF8A003D23B6 /* msgpack_src */ = {
			isa = PBXGroup;
			children = (
				9AE2E5E5197DC079003D23B6 /* msgpack */,
				9AE2E5D2197DBF9C003D23B6 /* msgpack.h */,
				9AE2E5D3197DBF9C003D23B6 /* objectc.c */,
				9AE2E5D4197DBF9C003D23B6 /* unpack.c */,
				9AE2E5D5197DBF9C003D23B6 /* version.c */,
				9AE2E5D6197DBF9C003D23B6 /* vrefbuffer.c */,
				9AE2E5D7197DBF9C003D23B6 /* zone.c */,
			);
			name = msgpack_src;
			sourceTree = "<group>";
		};
		9AE2E5E5197DC079003D23B6 /* msgpack */ = {
			isa = PBXGroup;
			children = (
				9AE2E5E6197DC079003D23B6 /* object.h */,
				9AE2E5E7197DC079003D23B6 /* pack.h */,
				9AE2E5E8197DC079003D23B6 /* pack_define.h */,
				9AE2E5E9197DC079003D23B6 /* pack_template.h */,
				9AE2E5EA197DC079003D23B6 /* sbuffer.h */,
				9AE2E5EB197DC079003D23B6 /* sysdep.h */,
				9AE2E5EC197DC079003D23B6 /* unpack.h */,
				9AE2E5ED197DC079003D23B6 /* unpack_define.h */,
				9AE2E5EE197DC079003D23B6 /* unpack_template.h */,
				9AE2E5EF197DC079003D23B6 /* version.h */,
				9AE2E5F0197DC079003D23B6 /* version_master.h */,
				9AE2E5F1197DC079003D23B6 /* vrefbuffer.h */,
				9AE2E5F2197DC079003D23B6 /* zbuffer.h */,
				9AE2E5F3197DC079003D23B6 /* zone.h */,
			);
			name = msgpack;
			path = ../msgpack_src/msgpack;
			sourceTree = "<group>";
		};
		9AE2E60C197DD3CC003D23B6 /* MessagePackTests */ = {
			isa = PBXGroup;
			children = (
				9AE2E612197DD3D5003D23B6 /* Supporting files */,
				9AE2E611197DD3CC003D23B6 /* MessagePack_Tests.m */,
			);
			path = MessagePackTests;
			sourceTree = "<group>";
		};
		9AE2E612197DD3D5003D23B6 /* Supporting files */ = {
			isa = PBXGroup;
			children = (
				9AE2E60F197DD3CC003D23B6 /* MessagePackTests-Info.plist */,
				9AE2E60D197DD3CC003D23B6 /* InfoPlist.strings */,
				9AE2E610197DD3CC003D23B6 /* MessagePackTests-Prefix.pch */,
			);
			name = "Supporting files";
			sourceTree = "<group>";
		};
/* End PBXGroup section */

/* Begin PBXHeadersBuildPhase section */
		9A7F0C82197DD4B600BA923E /* Headers */ = {
			isa = PBXHeadersBuildPhase;
			buildActionMask = 2147483647;
			files = (
			);
			runOnlyForDeploymentPostprocessing = 0;
		};
		9A7F0CCF197DD70500BA923E /* Headers */ = {
			isa = PBXHeadersBuildPhase;
			buildActionMask = 2147483647;
			files = (
			);
			runOnlyForDeploymentPostprocessing = 0;
		};
		9AE2E54F197DB4D6003D23B6 /* Headers */ = {
			isa = PBXHeadersBuildPhase;
			buildActionMask = 2147483647;
			files = (
				9AE2E595197DB73C003D23B6 /* MessagePack.h in Headers */,
				9AE2E596197DB73C003D23B6 /* MessagePackPacker.h in Headers */,
				9AE2E597197DB73C003D23B6 /* MessagePackParser.h in Headers */,
				9AE2E598197DB73C003D23B6 /* MessagePackParser+Streaming.h in Headers */,
				9AE2E599197DB73C003D23B6 /* NSArray+MessagePack.h in Headers */,
				9AE2E59A197DB73C003D23B6 /* NSData+MessagePack.h in Headers */,
				9AE2E59B197DB73C003D23B6 /* NSDictionary+MessagePack.h in Headers */,
				9AE2E60A197DC8E1003D23B6 /* NSNull+MessagePack.h in Headers */,
				9AE2E606197DC7D6003D23B6 /* NSNumber+MessagePack.h in Headers */,
				9AE2E59F197DB8FB003D23B6 /* NSString+MessagePack.h in Headers */,
			);
			runOnlyForDeploymentPostprocessing = 0;
		};
/* End PBXHeadersBuildPhase section */

/* Begin PBXNativeTarget section */
		9A7F0C83197DD4B600BA923E /* MessagePack-dynamic */ = {
			isa = PBXNativeTarget;
			buildConfigurationList = 9A7F0C9E197DD4B600BA923E /* Build configuration list for PBXNativeTarget "MessagePack-dynamic" */;
			buildPhases = (
				9A7F0C80197DD4B600BA923E /* Sources */,
				9A7F0C81197DD4B600BA923E /* Frameworks */,
				9A7F0C82197DD4B600BA923E /* Headers */,
			);
			buildRules = (
			);
			dependencies = (
			);
			name = "MessagePack-dynamic";
			productName = "MessagePack-dynamic";
			productReference = 9A7F0C84197DD4B600BA923E /* MessagePack.dylib */;
			productType = "com.apple.product-type.library.dynamic";
		};
		9A7F0C8F197DD4B600BA923E /* MessagePack-dynamicTests */ = {
			isa = PBXNativeTarget;
			buildConfigurationList = 9A7F0CA1197DD4B600BA923E /* Build configuration list for PBXNativeTarget "MessagePack-dynamicTests" */;
			buildPhases = (
				9A7F0C8C197DD4B600BA923E /* Sources */,
				9A7F0C8D197DD4B600BA923E /* Frameworks */,
				9A7F0C8E197DD4B600BA923E /* Resources */,
			);
			buildRules = (
			);
			dependencies = (
				9A7F0C94197DD4B600BA923E /* PBXTargetDependency */,
			);
			name = "MessagePack-dynamicTests";
			productName = "MessagePack-dynamicTests";
			productReference = 9A7F0C90197DD4B600BA923E /* MessagePack-dynamicTests.xctest */;
			productType = "com.apple.product-type.bundle.unit-test";
		};
		9A7F0CD0197DD70500BA923E /* MessagePack-static */ = {
			isa = PBXNativeTarget;
			buildConfigurationList = 9A7F0CEB197DD70600BA923E /* Build configuration list for PBXNativeTarget "MessagePack-static" */;
			buildPhases = (
				9A7F0CCD197DD70500BA923E /* Sources */,
				9A7F0CCE197DD70500BA923E /* Frameworks */,
				9A7F0CCF197DD70500BA923E /* Headers */,
			);
			buildRules = (
			);
			dependencies = (
			);
			name = "MessagePack-static";
			productName = "MessagePack-static";
			productReference = 9A7F0CD1197DD70500BA923E /* libMessagePack.a */;
			productType = "com.apple.product-type.library.static";
		};
		9A7F0CDC197DD70500BA923E /* MessagePack-staticTests */ = {
			isa = PBXNativeTarget;
			buildConfigurationList = 9A7F0CEE197DD70600BA923E /* Build configuration list for PBXNativeTarget "MessagePack-staticTests" */;
			buildPhases = (
				9A7F0CD9197DD70500BA923E /* Sources */,
				9A7F0CDA197DD70500BA923E /* Frameworks */,
				9A7F0CDB197DD70500BA923E /* Resources */,
			);
			buildRules = (
			);
			dependencies = (
				9A7F0CE1197DD70500BA923E /* PBXTargetDependency */,
			);
			name = "MessagePack-staticTests";
			productName = "MessagePack-staticTests";
			productReference = 9A7F0CDD197DD70500BA923E /* MessagePack-staticTests.xctest */;
			productType = "com.apple.product-type.bundle.unit-test";
		};
		9AE2E551197DB4D6003D23B6 /* MessagePack-framework */ = {
			isa = PBXNativeTarget;
			buildConfigurationList = 9AE2E570197DB4D7003D23B6 /* Build configuration list for PBXNativeTarget "MessagePack-framework" */;
			buildPhases = (
				9AE2E54D197DB4D6003D23B6 /* Sources */,
				9AE2E54E197DB4D6003D23B6 /* Frameworks */,
				9AE2E54F197DB4D6003D23B6 /* Headers */,
				9AE2E550197DB4D6003D23B6 /* Resources */,
			);
			buildRules = (
			);
			dependencies = (
			);
			name = "MessagePack-framework";
			productName = "MessagePack-framework";
			productReference = 9AE2E552197DB4D6003D23B6 /* MessagePack.framework */;
			productType = "com.apple.product-type.framework";
		};
		9AE2E5A4197DBA5D003D23B6 /* MessagePack-framework Tests */ = {
			isa = PBXNativeTarget;
			buildConfigurationList = 9AE2E5B2197DBA5D003D23B6 /* Build configuration list for PBXNativeTarget "MessagePack-framework Tests" */;
			buildPhases = (
				9AE2E5A1197DBA5D003D23B6 /* Sources */,
				9AE2E5A2197DBA5D003D23B6 /* Frameworks */,
				9AE2E5A3197DBA5D003D23B6 /* Resources */,
			);
			buildRules = (
			);
			dependencies = (
				9AE2E5B1197DBA5D003D23B6 /* PBXTargetDependency */,
			);
			name = "MessagePack-framework Tests";
			productName = "MessagePack-framework Tests";
			productReference = 9AE2E5A5197DBA5D003D23B6 /* MessagePack-framework Tests.xctest */;
			productType = "com.apple.product-type.bundle.unit-test";
		};
/* End PBXNativeTarget section */

/* Begin PBXProject section */
		9A3C20EE197DB25600A86F36 /* Project object */ = {
			isa = PBXProject;
			attributes = {
				LastUpgradeCheck = 0510;
				ORGANIZATIONNAME = "Charles Francoise";
				TargetAttributes = {
					9A7F0C8F197DD4B600BA923E = {
						TestTargetID = 9AE2E551197DB4D6003D23B6;
					};
					9A7F0CDC197DD70500BA923E = {
						TestTargetID = 9AE2E551197DB4D6003D23B6;
					};
					9AE2E5A4197DBA5D003D23B6 = {
						TestTargetID = 9AE2E551197DB4D6003D23B6;
					};
				};
			};
			buildConfigurationList = 9A3C20F1197DB25600A86F36 /* Build configuration list for PBXProject "MessagePack" */;
			compatibilityVersion = "Xcode 3.2";
			developmentRegion = English;
			hasScannedForEncodings = 0;
			knownRegions = (
				en,
			);
			mainGroup = 9A3C20ED197DB25600A86F36;
			productRefGroup = 9A3C20F8197DB25600A86F36 /* Products */;
			projectDirPath = "";
			projectRoot = "";
			targets = (
				9AE2E551197DB4D6003D23B6 /* MessagePack-framework */,
				9AE2E5A4197DBA5D003D23B6 /* MessagePack-framework Tests */,
				9A7F0C83197DD4B600BA923E /* MessagePack-dynamic */,
				9A7F0C8F197DD4B600BA923E /* MessagePack-dynamicTests */,
				9A7F0CD0197DD70500BA923E /* MessagePack-static */,
				9A7F0CDC197DD70500BA923E /* MessagePack-staticTests */,
			);
		};
/* End PBXProject section */

/* Begin PBXResourcesBuildPhase section */
		9A7F0C8E197DD4B600BA923E /* Resources */ = {
			isa = PBXResourcesBuildPhase;
			buildActionMask = 2147483647;
			files = (
			);
			runOnlyForDeploymentPostprocessing = 0;
		};
		9A7F0CDB197DD70500BA923E /* Resources */ = {
			isa = PBXResourcesBuildPhase;
			buildActionMask = 2147483647;
			files = (
			);
			runOnlyForDeploymentPostprocessing = 0;
		};
		9AE2E550197DB4D6003D23B6 /* Resources */ = {
			isa = PBXResourcesBuildPhase;
			buildActionMask = 2147483647;
			files = (
				9AE2E559197DB4D6003D23B6 /* InfoPlist.strings in Resources */,
			);
			runOnlyForDeploymentPostprocessing = 0;
		};
		9AE2E5A3197DBA5D003D23B6 /* Resources */ = {
			isa = PBXResourcesBuildPhase;
			buildActionMask = 2147483647;
			files = (
			);
			runOnlyForDeploymentPostprocessing = 0;
		};
/* End PBXResourcesBuildPhase section */

/* Begin PBXSourcesBuildPhase section */
		9A7F0C80197DD4B600BA923E /* Sources */ = {
			isa = PBXSourcesBuildPhase;
			buildActionMask = 2147483647;
			files = (
				9A7F0CAE197DD5AA00BA923E /* objectc.c in Sources */,
				9A7F0CAF197DD5AA00BA923E /* unpack.c in Sources */,
				9A7F0CB0197DD5AA00BA923E /* version.c in Sources */,
				9A7F0CB1197DD5AA00BA923E /* vrefbuffer.c in Sources */,
				9A7F0CB2197DD5AA00BA923E /* zone.c in Sources */,
				9A7F0CA5197DD5A200BA923E /* MessagePackPacker.m in Sources */,
				9A7F0CA6197DD5A200BA923E /* MessagePackParser+Streaming.m in Sources */,
				9A7F0CA7197DD5A200BA923E /* MessagePackParser.m in Sources */,
				9A7F0CA8197DD5A200BA923E /* NSArray+MessagePack.m in Sources */,
				9A7F0CA9197DD5A200BA923E /* NSData+MessagePack.m in Sources */,
				9A7F0CAA197DD5A200BA923E /* NSDictionary+MessagePack.m in Sources */,
				9A7F0CAB197DD5A200BA923E /* NSNull+MessagePack.m in Sources */,
				9A7F0CAC197DD5A200BA923E /* NSNumber+MessagePack.m in Sources */,
				9A7F0CAD197DD5A200BA923E /* NSString+MessagePack.m in Sources */,
			);
			runOnlyForDeploymentPostprocessing = 0;
		};
		9A7F0C8C197DD4B600BA923E /* Sources */ = {
			isa = PBXSourcesBuildPhase;
			buildActionMask = 2147483647;
			files = (
				9A7F0CA4197DD56900BA923E /* MessagePack_Tests.m in Sources */,
			);
			runOnlyForDeploymentPostprocessing = 0;
		};
		9A7F0CCD197DD70500BA923E /* Sources */ = {
			isa = PBXSourcesBuildPhase;
			buildActionMask = 2147483647;
			files = (
				9A7F0CFA197DD78400BA923E /* objectc.c in Sources */,
				9A7F0CFB197DD78400BA923E /* unpack.c in Sources */,
				9A7F0CFC197DD78400BA923E /* version.c in Sources */,
				9A7F0CFD197DD78400BA923E /* vrefbuffer.c in Sources */,
				9A7F0CFE197DD78400BA923E /* zone.c in Sources */,
				9A7F0CF1197DD77C00BA923E /* MessagePackPacker.m in Sources */,
				9A7F0CF2197DD77C00BA923E /* MessagePackParser+Streaming.m in Sources */,
				9A7F0CF3197DD77C00BA923E /* MessagePackParser.m in Sources */,
				9A7F0CF4197DD77C00BA923E /* NSArray+MessagePack.m in Sources */,
				9A7F0CF5197DD77C00BA923E /* NSData+MessagePack.m in Sources */,
				9A7F0CF6197DD77C00BA923E /* NSDictionary+MessagePack.m in Sources */,
				9A7F0CF7197DD77C00BA923E /* NSNull+MessagePack.m in Sources */,
				9A7F0CF8197DD77C00BA923E /* NSNumber+MessagePack.m in Sources */,
				9A7F0CF9197DD77C00BA923E /* NSString+MessagePack.m in Sources */,
			);
			runOnlyForDeploymentPostprocessing = 0;
		};
		9A7F0CD9197DD70500BA923E /* Sources */ = {
			isa = PBXSourcesBuildPhase;
			buildActionMask = 2147483647;
			files = (
				9A7F0CFF197DD7B600BA923E /* MessagePack_Tests.m in Sources */,
			);
			runOnlyForDeploymentPostprocessing = 0;
		};
		9AE2E54D197DB4D6003D23B6 /* Sources */ = {
			isa = PBXSourcesBuildPhase;
			buildActionMask = 2147483647;
			files = (
				9AE2E5DF197DBFBD003D23B6 /* objectc.c in Sources */,
				9AE2E5E0197DBFBD003D23B6 /* unpack.c in Sources */,
				9AE2E5E1197DBFBD003D23B6 /* version.c in Sources */,
				9AE2E5E2197DBFBD003D23B6 /* vrefbuffer.c in Sources */,
				9AE2E5E3197DBFBD003D23B6 /* zone.c in Sources */,
				9AE2E5A0197DB8FB003D23B6 /* NSString+MessagePack.m in Sources */,
				9AE2E58A197DB5FB003D23B6 /* MessagePackPacker.m in Sources */,
				9AE2E58B197DB5FB003D23B6 /* MessagePackParser.m in Sources */,
				9AE2E58C197DB5FB003D23B6 /* MessagePackParser+Streaming.m in Sources */,
				9AE2E58D197DB5FB003D23B6 /* NSArray+MessagePack.m in Sources */,
				9AE2E58E197DB5FB003D23B6 /* NSData+MessagePack.m in Sources */,
				9AE2E607197DC7D6003D23B6 /* NSNumber+MessagePack.m in Sources */,
				9AE2E60B197DC8E1003D23B6 /* NSNull+MessagePack.m in Sources */,
				9AE2E58F197DB5FB003D23B6 /* NSDictionary+MessagePack.m in Sources */,
			);
			runOnlyForDeploymentPostprocessing = 0;
		};
		9AE2E5A1197DBA5D003D23B6 /* Sources */ = {
			isa = PBXSourcesBuildPhase;
			buildActionMask = 2147483647;
			files = (
				9AE2E613197DD3F0003D23B6 /* MessagePack_Tests.m in Sources */,
			);
			runOnlyForDeploymentPostprocessing = 0;
		};
/* End PBXSourcesBuildPhase section */

/* Begin PBXTargetDependency section */
		9A7F0C94197DD4B600BA923E /* PBXTargetDependency */ = {
			isa = PBXTargetDependency;
			target = 9A7F0C83197DD4B600BA923E /* MessagePack-dynamic */;
			targetProxy = 9A7F0C93197DD4B600BA923E /* PBXContainerItemProxy */;
		};
		9A7F0CE1197DD70500BA923E /* PBXTargetDependency */ = {
			isa = PBXTargetDependency;
			target = 9A7F0CD0197DD70500BA923E /* MessagePack-static */;
			targetProxy = 9A7F0CE0197DD70500BA923E /* PBXContainerItemProxy */;
		};
		9AE2E5B1197DBA5D003D23B6 /* PBXTargetDependency */ = {
			isa = PBXTargetDependency;
			target = 9AE2E551197DB4D6003D23B6 /* MessagePack-framework */;
			targetProxy = 9AE2E5B0197DBA5D003D23B6 /* PBXContainerItemProxy */;
		};
/* End PBXTargetDependency section */

/* Begin PBXVariantGroup section */
		9AE2E557197DB4D6003D23B6 /* InfoPlist.strings */ = {
			isa = PBXVariantGroup;
			children = (
				9AE2E558197DB4D6003D23B6 /* en */,
			);
			name = InfoPlist.strings;
			sourceTree = "<group>";
		};
		9AE2E60D197DD3CC003D23B6 /* InfoPlist.strings */ = {
			isa = PBXVariantGroup;
			children = (
				9AE2E60E197DD3CC003D23B6 /* en */,
			);
			name = InfoPlist.strings;
			sourceTree = "<group>";
		};
/* End PBXVariantGroup section */

/* Begin XCBuildConfiguration section */
		9A3C211D197DB25600A86F36 /* Debug */ = {
			isa = XCBuildConfiguration;
			buildSettings = {
				ALWAYS_SEARCH_USER_PATHS = NO;
				CLANG_CXX_LANGUAGE_STANDARD = "gnu++0x";
				CLANG_CXX_LIBRARY = "libc++";
				CLANG_ENABLE_MODULES = YES;
				CLANG_ENABLE_OBJC_ARC = YES;
				CLANG_WARN_BOOL_CONVERSION = YES;
				CLANG_WARN_CONSTANT_CONVERSION = YES;
				CLANG_WARN_DIRECT_OBJC_ISA_USAGE = YES_ERROR;
				CLANG_WARN_EMPTY_BODY = YES;
				CLANG_WARN_ENUM_CONVERSION = YES;
				CLANG_WARN_INT_CONVERSION = YES;
				CLANG_WARN_OBJC_ROOT_CLASS = YES_ERROR;
				CLANG_WARN__DUPLICATE_METHOD_MATCH = YES;
				COPY_PHASE_STRIP = NO;
				GCC_C_LANGUAGE_STANDARD = gnu99;
				GCC_DYNAMIC_NO_PIC = NO;
				GCC_ENABLE_OBJC_EXCEPTIONS = YES;
				GCC_OPTIMIZATION_LEVEL = 0;
				GCC_PREPROCESSOR_DEFINITIONS = (
					"DEBUG=1",
					"$(inherited)",
				);
				GCC_SYMBOLS_PRIVATE_EXTERN = NO;
				GCC_WARN_64_TO_32_BIT_CONVERSION = YES;
				GCC_WARN_ABOUT_RETURN_TYPE = YES_ERROR;
				GCC_WARN_UNDECLARED_SELECTOR = YES;
				GCC_WARN_UNINITIALIZED_AUTOS = YES_AGGRESSIVE;
				GCC_WARN_UNUSED_FUNCTION = YES;
				GCC_WARN_UNUSED_VARIABLE = YES;
				MACOSX_DEPLOYMENT_TARGET = 10.9;
				ONLY_ACTIVE_ARCH = YES;
				SDKROOT = macosx;
			};
			name = Debug;
		};
		9A3C211E197DB25600A86F36 /* Release */ = {
			isa = XCBuildConfiguration;
			buildSettings = {
				ALWAYS_SEARCH_USER_PATHS = NO;
				CLANG_CXX_LANGUAGE_STANDARD = "gnu++0x";
				CLANG_CXX_LIBRARY = "libc++";
				CLANG_ENABLE_MODULES = YES;
				CLANG_ENABLE_OBJC_ARC = YES;
				CLANG_WARN_BOOL_CONVERSION = YES;
				CLANG_WARN_CONSTANT_CONVERSION = YES;
				CLANG_WARN_DIRECT_OBJC_ISA_USAGE = YES_ERROR;
				CLANG_WARN_EMPTY_BODY = YES;
				CLANG_WARN_ENUM_CONVERSION = YES;
				CLANG_WARN_INT_CONVERSION = YES;
				CLANG_WARN_OBJC_ROOT_CLASS = YES_ERROR;
				CLANG_WARN__DUPLICATE_METHOD_MATCH = YES;
				COPY_PHASE_STRIP = YES;
				DEBUG_INFORMATION_FORMAT = "dwarf-with-dsym";
				ENABLE_NS_ASSERTIONS = NO;
				GCC_C_LANGUAGE_STANDARD = gnu99;
				GCC_ENABLE_OBJC_EXCEPTIONS = YES;
				GCC_WARN_64_TO_32_BIT_CONVERSION = YES;
				GCC_WARN_ABOUT_RETURN_TYPE = YES_ERROR;
				GCC_WARN_UNDECLARED_SELECTOR = YES;
				GCC_WARN_UNINITIALIZED_AUTOS = YES_AGGRESSIVE;
				GCC_WARN_UNUSED_FUNCTION = YES;
				GCC_WARN_UNUSED_VARIABLE = YES;
				MACOSX_DEPLOYMENT_TARGET = 10.9;
				SDKROOT = macosx;
			};
			name = Release;
		};
		9A7F0C9F197DD4B600BA923E /* Debug */ = {
			isa = XCBuildConfiguration;
			buildSettings = {
				DYLIB_COMPATIBILITY_VERSION = 1;
				DYLIB_CURRENT_VERSION = 1;
				GCC_PRECOMPILE_PREFIX_HEADER = YES;
				GCC_PREFIX_HEADER = "MessagePack-dynamic/MessagePack-Prefix.pch";
				GCC_PREPROCESSOR_DEFINITIONS = (
					"DEBUG=1",
					"$(inherited)",
				);
				HEADER_SEARCH_PATHS = (
					"$(inherited)",
					/Applications/Xcode.app/Contents/Developer/Toolchains/XcodeDefault.xctoolchain/usr/include,
					"$(SRCROOT)/../msgpack_src",
				);
				PRODUCT_NAME = MessagePack;
			};
			name = Debug;
		};
		9A7F0CA0197DD4B600BA923E /* Release */ = {
			isa = XCBuildConfiguration;
			buildSettings = {
				DYLIB_COMPATIBILITY_VERSION = 1;
				DYLIB_CURRENT_VERSION = 1;
				GCC_PRECOMPILE_PREFIX_HEADER = YES;
				GCC_PREFIX_HEADER = "MessagePack-dynamic/MessagePack-Prefix.pch";
				HEADER_SEARCH_PATHS = (
					"$(inherited)",
					/Applications/Xcode.app/Contents/Developer/Toolchains/XcodeDefault.xctoolchain/usr/include,
					"$(SRCROOT)/../msgpack_src",
				);
				PRODUCT_NAME = MessagePack;
			};
			name = Release;
		};
		9A7F0CA2197DD4B600BA923E /* Debug */ = {
			isa = XCBuildConfiguration;
			buildSettings = {
				BUNDLE_LOADER = "$(BUILT_PRODUCTS_DIR)/MessagePack.framework/Versions/A/MessagePack";
				COMBINE_HIDPI_IMAGES = YES;
				FRAMEWORK_SEARCH_PATHS = (
					"$(DEVELOPER_FRAMEWORKS_DIR)",
					"$(inherited)",
				);
				GCC_PRECOMPILE_PREFIX_HEADER = YES;
				GCC_PREFIX_HEADER = "MessagePack-dynamic/MessagePack-Prefix.pch";
				GCC_PREPROCESSOR_DEFINITIONS = (
					"DEBUG=1",
					"$(inherited)",
				);
				INFOPLIST_FILE = "MessagePackTests/MessagePackTests-Info.plist";
				PRODUCT_NAME = "$(TARGET_NAME)";
				TEST_HOST = "$(BUNDLE_LOADER)";
				WRAPPER_EXTENSION = xctest;
			};
			name = Debug;
		};
		9A7F0CA3197DD4B600BA923E /* Release */ = {
			isa = XCBuildConfiguration;
			buildSettings = {
				BUNDLE_LOADER = "$(BUILT_PRODUCTS_DIR)/MessagePack.framework/Versions/A/MessagePack";
				COMBINE_HIDPI_IMAGES = YES;
				FRAMEWORK_SEARCH_PATHS = (
					"$(DEVELOPER_FRAMEWORKS_DIR)",
					"$(inherited)",
				);
				GCC_PRECOMPILE_PREFIX_HEADER = YES;
				GCC_PREFIX_HEADER = "MessagePack-dynamic/MessagePack-Prefix.pch";
				INFOPLIST_FILE = "MessagePackTests/MessagePackTests-Info.plist";
				PRODUCT_NAME = "$(TARGET_NAME)";
				TEST_HOST = "$(BUNDLE_LOADER)";
				WRAPPER_EXTENSION = xctest;
			};
			name = Release;
		};
		9A7F0CEC197DD70600BA923E /* Debug */ = {
			isa = XCBuildConfiguration;
			buildSettings = {
				GCC_PRECOMPILE_PREFIX_HEADER = YES;
				GCC_PREFIX_HEADER = "MessagePack-static/MessagePack-Prefix.pch";
				GCC_PREPROCESSOR_DEFINITIONS = (
					"DEBUG=1",
					"$(inherited)",
				);
				HEADER_SEARCH_PATHS = (
					"$(inherited)",
					/Applications/Xcode.app/Contents/Developer/Toolchains/XcodeDefault.xctoolchain/usr/include,
					"$(SRCROOT)/../msgpack_src",
				);
				PRODUCT_NAME = MessagePack;
			};
			name = Debug;
		};
		9A7F0CED197DD70600BA923E /* Release */ = {
			isa = XCBuildConfiguration;
			buildSettings = {
				GCC_PRECOMPILE_PREFIX_HEADER = YES;
				GCC_PREFIX_HEADER = "MessagePack-static/MessagePack-Prefix.pch";
				HEADER_SEARCH_PATHS = (
					"$(inherited)",
					/Applications/Xcode.app/Contents/Developer/Toolchains/XcodeDefault.xctoolchain/usr/include,
					"$(SRCROOT)/../msgpack_src",
				);
				PRODUCT_NAME = MessagePack;
			};
			name = Release;
		};
		9A7F0CEF197DD70600BA923E /* Debug */ = {
			isa = XCBuildConfiguration;
			buildSettings = {
				BUNDLE_LOADER = "$(BUILT_PRODUCTS_DIR)/MessagePack.framework/Versions/A/MessagePack";
				COMBINE_HIDPI_IMAGES = YES;
				FRAMEWORK_SEARCH_PATHS = (
					"$(DEVELOPER_FRAMEWORKS_DIR)",
					"$(inherited)",
				);
				GCC_PRECOMPILE_PREFIX_HEADER = YES;
				GCC_PREFIX_HEADER = "MessagePack-static/MessagePack-Prefix.pch";
				GCC_PREPROCESSOR_DEFINITIONS = (
					"DEBUG=1",
					"$(inherited)",
				);
				INFOPLIST_FILE = "MessagePackTests/MessagePackTests-Info.plist";
				PRODUCT_NAME = "$(TARGET_NAME)";
				TEST_HOST = "$(BUNDLE_LOADER)";
				WRAPPER_EXTENSION = xctest;
			};
			name = Debug;
		};
		9A7F0CF0197DD70600BA923E /* Release */ = {
			isa = XCBuildConfiguration;
			buildSettings = {
				BUNDLE_LOADER = "$(BUILT_PRODUCTS_DIR)/MessagePack.framework/Versions/A/MessagePack";
				COMBINE_HIDPI_IMAGES = YES;
				FRAMEWORK_SEARCH_PATHS = (
					"$(DEVELOPER_FRAMEWORKS_DIR)",
					"$(inherited)",
				);
				GCC_PRECOMPILE_PREFIX_HEADER = YES;
				GCC_PREFIX_HEADER = "MessagePack-static/MessagePack-Prefix.pch";
				INFOPLIST_FILE = "MessagePackTests/MessagePackTests-Info.plist";
				PRODUCT_NAME = "$(TARGET_NAME)";
				TEST_HOST = "$(BUNDLE_LOADER)";
				WRAPPER_EXTENSION = xctest;
			};
			name = Release;
		};
		9AE2E571197DB4D7003D23B6 /* Debug */ = {
			isa = XCBuildConfiguration;
			buildSettings = {
				COMBINE_HIDPI_IMAGES = YES;
				DYLIB_COMPATIBILITY_VERSION = 1;
				DYLIB_CURRENT_VERSION = 1;
				FRAMEWORK_VERSION = A;
				GCC_PRECOMPILE_PREFIX_HEADER = YES;
				GCC_PREFIX_HEADER = "MessagePack-framework/MessagePack-Prefix.pch";
				HEADER_SEARCH_PATHS = (
					"$(SRCROOT)/../msgpack_src",
					"$(inherited)",
					/Applications/Xcode.app/Contents/Developer/Toolchains/XcodeDefault.xctoolchain/usr/include,
				);
				INFOPLIST_FILE = "MessagePack-framework/MessagePack-Info.plist";
				PRODUCT_NAME = MessagePack;
				WRAPPER_EXTENSION = framework;
			};
			name = Debug;
		};
		9AE2E572197DB4D7003D23B6 /* Release */ = {
			isa = XCBuildConfiguration;
			buildSettings = {
				COMBINE_HIDPI_IMAGES = YES;
				DYLIB_COMPATIBILITY_VERSION = 1;
				DYLIB_CURRENT_VERSION = 1;
				FRAMEWORK_VERSION = A;
				GCC_PRECOMPILE_PREFIX_HEADER = YES;
				GCC_PREFIX_HEADER = "MessagePack-framework/MessagePack-Prefix.pch";
				HEADER_SEARCH_PATHS = (
					"$(SRCROOT)/../msgpack_src",
					"$(inherited)",
					/Applications/Xcode.app/Contents/Developer/Toolchains/XcodeDefault.xctoolchain/usr/include,
				);
				INFOPLIST_FILE = "MessagePack-framework/MessagePack-Info.plist";
				PRODUCT_NAME = MessagePack;
				WRAPPER_EXTENSION = framework;
			};
			name = Release;
		};
		9AE2E5B3197DBA5D003D23B6 /* Debug */ = {
			isa = XCBuildConfiguration;
			buildSettings = {
				BUNDLE_LOADER = "$(BUILT_PRODUCTS_DIR)/MessagePack.framework/Versions/A/MessagePack";
				FRAMEWORK_SEARCH_PATHS = (
					"$(DEVELOPER_FRAMEWORKS_DIR)",
					"$(inherited)",
				);
				GCC_PRECOMPILE_PREFIX_HEADER = YES;
				GCC_PREFIX_HEADER = "MessagePackTests/MessagePackTests-Prefix.pch";
				GCC_PREPROCESSOR_DEFINITIONS = (
					"DEBUG=1",
					"$(inherited)",
				);
				INFOPLIST_FILE = "MessagePackTests/MessagePackTests-Info.plist";
				PRODUCT_NAME = "$(TARGET_NAME)";
				TEST_HOST = "$(BUNDLE_LOADER)";
				WRAPPER_EXTENSION = xctest;
			};
			name = Debug;
		};
		9AE2E5B4197DBA5D003D23B6 /* Release */ = {
			isa = XCBuildConfiguration;
			buildSettings = {
				BUNDLE_LOADER = "$(BUILT_PRODUCTS_DIR)/MessagePack.framework/Versions/A/MessagePack";
				FRAMEWORK_SEARCH_PATHS = (
					"$(DEVELOPER_FRAMEWORKS_DIR)",
					"$(inherited)",
				);
				GCC_PRECOMPILE_PREFIX_HEADER = YES;
				GCC_PREFIX_HEADER = "MessagePackTests/MessagePackTests-Prefix.pch";
				INFOPLIST_FILE = "MessagePackTests/MessagePackTests-Info.plist";
				PRODUCT_NAME = "$(TARGET_NAME)";
				TEST_HOST = "$(BUNDLE_LOADER)";
				WRAPPER_EXTENSION = xctest;
			};
			name = Release;
		};
/* End XCBuildConfiguration section */

/* Begin XCConfigurationList section */
		9A3C20F1197DB25600A86F36 /* Build configuration list for PBXProject "MessagePack" */ = {
			isa = XCConfigurationList;
			buildConfigurations = (
				9A3C211D197DB25600A86F36 /* Debug */,
				9A3C211E197DB25600A86F36 /* Release */,
			);
			defaultConfigurationIsVisible = 0;
			defaultConfigurationName = Release;
		};
		9A7F0C9E197DD4B600BA923E /* Build configuration list for PBXNativeTarget "MessagePack-dynamic" */ = {
			isa = XCConfigurationList;
			buildConfigurations = (
				9A7F0C9F197DD4B600BA923E /* Debug */,
				9A7F0CA0197DD4B600BA923E /* Release */,
			);
			defaultConfigurationIsVisible = 0;
		};
		9A7F0CA1197DD4B600BA923E /* Build configuration list for PBXNativeTarget "MessagePack-dynamicTests" */ = {
			isa = XCConfigurationList;
			buildConfigurations = (
				9A7F0CA2197DD4B600BA923E /* Debug */,
				9A7F0CA3197DD4B600BA923E /* Release */,
			);
			defaultConfigurationIsVisible = 0;
		};
		9A7F0CEB197DD70600BA923E /* Build configuration list for PBXNativeTarget "MessagePack-static" */ = {
			isa = XCConfigurationList;
			buildConfigurations = (
				9A7F0CEC197DD70600BA923E /* Debug */,
				9A7F0CED197DD70600BA923E /* Release */,
			);
			defaultConfigurationIsVisible = 0;
		};
		9A7F0CEE197DD70600BA923E /* Build configuration list for PBXNativeTarget "MessagePack-staticTests" */ = {
			isa = XCConfigurationList;
			buildConfigurations = (
				9A7F0CEF197DD70600BA923E /* Debug */,
				9A7F0CF0197DD70600BA923E /* Release */,
			);
			defaultConfigurationIsVisible = 0;
		};
		9AE2E570197DB4D7003D23B6 /* Build configuration list for PBXNativeTarget "MessagePack-framework" */ = {
			isa = XCConfigurationList;
			buildConfigurations = (
				9AE2E571197DB4D7003D23B6 /* Debug */,
				9AE2E572197DB4D7003D23B6 /* Release */,
			);
			defaultConfigurationIsVisible = 0;
			defaultConfigurationName = Release;
		};
		9AE2E5B2197DBA5D003D23B6 /* Build configuration list for PBXNativeTarget "MessagePack-framework Tests" */ = {
			isa = XCConfigurationList;
			buildConfigurations = (
				9AE2E5B3197DBA5D003D23B6 /* Debug */,
				9AE2E5B4197DBA5D003D23B6 /* Release */,
			);
			defaultConfigurationIsVisible = 0;
			defaultConfigurationName = Release;
		};
/* End XCConfigurationList section */
	};
	rootObject = 9A3C20EE197DB25600A86F36 /* Project object */;
}
