// !$*UTF8*$!
{
	archiveVersion = 1;
	classes = {
	};
	objectVersion = 46;
	objects = {

/* Begin PBXBuildFile section */
		9AE2E553197DB4D6003D23B6 /* Cocoa.framework in Frameworks */ = {isa = PBXBuildFile; fileRef = 9A3C20FA197DB25600A86F36 /* Cocoa.framework */; };
		9AE2E559197DB4D6003D23B6 /* InfoPlist.strings in Resources */ = {isa = PBXBuildFile; fileRef = 9AE2E557197DB4D6003D23B6 /* InfoPlist.strings */; };
		9AE2E58A197DB5FB003D23B6 /* MessagePackPacker.m in Sources */ = {isa = PBXBuildFile; fileRef = 9AE2E52C197DB492003D23B6 /* MessagePackPacker.m */; };
		9AE2E58B197DB5FB003D23B6 /* MessagePackParser.m in Sources */ = {isa = PBXBuildFile; fileRef = 9AE2E52E197DB492003D23B6 /* MessagePackParser.m */; };
		9AE2E58C197DB5FB003D23B6 /* MessagePackParser+Streaming.m in Sources */ = {isa = PBXBuildFile; fileRef = 9AE2E530197DB492003D23B6 /* MessagePackParser+Streaming.m */; };
		9AE2E58D197DB5FB003D23B6 /* NSArray+MessagePack.m in Sources */ = {isa = PBXBuildFile; fileRef = 9AE2E548197DB492003D23B6 /* NSArray+MessagePack.m */; };
		9AE2E58E197DB5FB003D23B6 /* NSData+MessagePack.m in Sources */ = {isa = PBXBuildFile; fileRef = 9AE2E54A197DB492003D23B6 /* NSData+MessagePack.m */; };
		9AE2E58F197DB5FB003D23B6 /* NSDictionary+MessagePack.m in Sources */ = {isa = PBXBuildFile; fileRef = 9AE2E54C197DB492003D23B6 /* NSDictionary+MessagePack.m */; };
		9AE2E590197DB604003D23B6 /* objectc.c in Sources */ = {isa = PBXBuildFile; fileRef = 9AE2E542197DB492003D23B6 /* objectc.c */; };
		9AE2E591197DB604003D23B6 /* unpack.c in Sources */ = {isa = PBXBuildFile; fileRef = 9AE2E543197DB492003D23B6 /* unpack.c */; };
		9AE2E592197DB604003D23B6 /* version.c in Sources */ = {isa = PBXBuildFile; fileRef = 9AE2E544197DB492003D23B6 /* version.c */; };
		9AE2E593197DB604003D23B6 /* vrefbuffer.c in Sources */ = {isa = PBXBuildFile; fileRef = 9AE2E545197DB492003D23B6 /* vrefbuffer.c */; };
		9AE2E594197DB604003D23B6 /* zone.c in Sources */ = {isa = PBXBuildFile; fileRef = 9AE2E546197DB492003D23B6 /* zone.c */; };
		9AE2E595197DB73C003D23B6 /* MessagePack.h in Headers */ = {isa = PBXBuildFile; fileRef = 9AE2E52A197DB492003D23B6 /* MessagePack.h */; settings = {ATTRIBUTES = (Public, ); }; };
		9AE2E596197DB73C003D23B6 /* MessagePackPacker.h in Headers */ = {isa = PBXBuildFile; fileRef = 9AE2E52B197DB492003D23B6 /* MessagePackPacker.h */; settings = {ATTRIBUTES = (Public, ); }; };
		9AE2E597197DB73C003D23B6 /* MessagePackParser.h in Headers */ = {isa = PBXBuildFile; fileRef = 9AE2E52D197DB492003D23B6 /* MessagePackParser.h */; settings = {ATTRIBUTES = (Public, ); }; };
		9AE2E598197DB73C003D23B6 /* MessagePackParser+Streaming.h in Headers */ = {isa = PBXBuildFile; fileRef = 9AE2E52F197DB492003D23B6 /* MessagePackParser+Streaming.h */; settings = {ATTRIBUTES = (Public, ); }; };
		9AE2E599197DB73C003D23B6 /* NSArray+MessagePack.h in Headers */ = {isa = PBXBuildFile; fileRef = 9AE2E547197DB492003D23B6 /* NSArray+MessagePack.h */; settings = {ATTRIBUTES = (Public, ); }; };
		9AE2E59A197DB73C003D23B6 /* NSData+MessagePack.h in Headers */ = {isa = PBXBuildFile; fileRef = 9AE2E549197DB492003D23B6 /* NSData+MessagePack.h */; settings = {ATTRIBUTES = (Public, ); }; };
		9AE2E59B197DB73C003D23B6 /* NSDictionary+MessagePack.h in Headers */ = {isa = PBXBuildFile; fileRef = 9AE2E54B197DB492003D23B6 /* NSDictionary+MessagePack.h */; settings = {ATTRIBUTES = (Public, ); }; };
		9AE2E59C197DB8A1003D23B6 /* msgpack.h in Headers */ = {isa = PBXBuildFile; fileRef = 9AE2E541197DB492003D23B6 /* msgpack.h */; settings = {ATTRIBUTES = (Private, ); }; };
		9AE2E59F197DB8FB003D23B6 /* NSString+MessagePack.h in Headers */ = {isa = PBXBuildFile; fileRef = 9AE2E59D197DB8FB003D23B6 /* NSString+MessagePack.h */; };
		9AE2E5A0197DB8FB003D23B6 /* NSString+MessagePack.m in Sources */ = {isa = PBXBuildFile; fileRef = 9AE2E59E197DB8FB003D23B6 /* NSString+MessagePack.m */; };
		9AE2E5A6197DBA5D003D23B6 /* XCTest.framework in Frameworks */ = {isa = PBXBuildFile; fileRef = 9A3C210F197DB25600A86F36 /* XCTest.framework */; };
		9AE2E5AC197DBA5D003D23B6 /* InfoPlist.strings in Resources */ = {isa = PBXBuildFile; fileRef = 9AE2E5AA197DBA5D003D23B6 /* InfoPlist.strings */; };
		9AE2E5AE197DBA5D003D23B6 /* MessagePack_framework_Tests.m in Sources */ = {isa = PBXBuildFile; fileRef = 9AE2E5AD197DBA5D003D23B6 /* MessagePack_framework_Tests.m */; };
/* End PBXBuildFile section */

/* Begin PBXContainerItemProxy section */
		9AE2E5B0197DBA5D003D23B6 /* PBXContainerItemProxy */ = {
			isa = PBXContainerItemProxy;
			containerPortal = 9A3C20EE197DB25600A86F36 /* Project object */;
			proxyType = 1;
			remoteGlobalIDString = 9AE2E551197DB4D6003D23B6;
			remoteInfo = "MessagePack-framework";
		};
/* End PBXContainerItemProxy section */

/* Begin PBXFileReference section */
		9A3C20FA197DB25600A86F36 /* Cocoa.framework */ = {isa = PBXFileReference; lastKnownFileType = wrapper.framework; name = Cocoa.framework; path = System/Library/Frameworks/Cocoa.framework; sourceTree = SDKROOT; };
		9A3C20FD197DB25600A86F36 /* Foundation.framework */ = {isa = PBXFileReference; lastKnownFileType = wrapper.framework; name = Foundation.framework; path = System/Library/Frameworks/Foundation.framework; sourceTree = SDKROOT; };
		9A3C20FE197DB25600A86F36 /* CoreData.framework */ = {isa = PBXFileReference; lastKnownFileType = wrapper.framework; name = CoreData.framework; path = System/Library/Frameworks/CoreData.framework; sourceTree = SDKROOT; };
		9A3C20FF197DB25600A86F36 /* AppKit.framework */ = {isa = PBXFileReference; lastKnownFileType = wrapper.framework; name = AppKit.framework; path = System/Library/Frameworks/AppKit.framework; sourceTree = SDKROOT; };
		9A3C210F197DB25600A86F36 /* XCTest.framework */ = {isa = PBXFileReference; lastKnownFileType = wrapper.framework; name = XCTest.framework; path = Library/Frameworks/XCTest.framework; sourceTree = DEVELOPER_DIR; };
		9AE2E52A197DB492003D23B6 /* MessagePack.h */ = {isa = PBXFileReference; lastKnownFileType = sourcecode.c.h; name = MessagePack.h; path = ../MessagePack.h; sourceTree = "<group>"; };
		9AE2E52B197DB492003D23B6 /* MessagePackPacker.h */ = {isa = PBXFileReference; lastKnownFileType = sourcecode.c.h; name = MessagePackPacker.h; path = ../MessagePackPacker.h; sourceTree = "<group>"; };
		9AE2E52C197DB492003D23B6 /* MessagePackPacker.m */ = {isa = PBXFileReference; lastKnownFileType = sourcecode.c.objc; name = MessagePackPacker.m; path = ../MessagePackPacker.m; sourceTree = "<group>"; };
		9AE2E52D197DB492003D23B6 /* MessagePackParser.h */ = {isa = PBXFileReference; lastKnownFileType = sourcecode.c.h; name = MessagePackParser.h; path = ../MessagePackParser.h; sourceTree = "<group>"; };
		9AE2E52E197DB492003D23B6 /* MessagePackParser.m */ = {isa = PBXFileReference; lastKnownFileType = sourcecode.c.objc; name = MessagePackParser.m; path = ../MessagePackParser.m; sourceTree = "<group>"; };
		9AE2E52F197DB492003D23B6 /* MessagePackParser+Streaming.h */ = {isa = PBXFileReference; lastKnownFileType = sourcecode.c.h; name = "MessagePackParser+Streaming.h"; path = "../MessagePackParser+Streaming.h"; sourceTree = "<group>"; };
		9AE2E530197DB492003D23B6 /* MessagePackParser+Streaming.m */ = {isa = PBXFileReference; lastKnownFileType = sourcecode.c.objc; name = "MessagePackParser+Streaming.m"; path = "../MessagePackParser+Streaming.m"; sourceTree = "<group>"; };
		9AE2E533197DB492003D23B6 /* object.h */ = {isa = PBXFileReference; lastKnownFileType = sourcecode.c.h; path = object.h; sourceTree = "<group>"; };
		9AE2E534197DB492003D23B6 /* pack.h */ = {isa = PBXFileReference; lastKnownFileType = sourcecode.c.h; path = pack.h; sourceTree = "<group>"; };
		9AE2E535197DB492003D23B6 /* pack_define.h */ = {isa = PBXFileReference; lastKnownFileType = sourcecode.c.h; path = pack_define.h; sourceTree = "<group>"; };
		9AE2E536197DB492003D23B6 /* pack_template.h */ = {isa = PBXFileReference; lastKnownFileType = sourcecode.c.h; path = pack_template.h; sourceTree = "<group>"; };
		9AE2E537197DB492003D23B6 /* sbuffer.h */ = {isa = PBXFileReference; lastKnownFileType = sourcecode.c.h; path = sbuffer.h; sourceTree = "<group>"; };
		9AE2E538197DB492003D23B6 /* sysdep.h */ = {isa = PBXFileReference; lastKnownFileType = sourcecode.c.h; path = sysdep.h; sourceTree = "<group>"; };
		9AE2E539197DB492003D23B6 /* unpack.h */ = {isa = PBXFileReference; lastKnownFileType = sourcecode.c.h; path = unpack.h; sourceTree = "<group>"; };
		9AE2E53A197DB492003D23B6 /* unpack_define.h */ = {isa = PBXFileReference; lastKnownFileType = sourcecode.c.h; path = unpack_define.h; sourceTree = "<group>"; };
		9AE2E53B197DB492003D23B6 /* unpack_template.h */ = {isa = PBXFileReference; lastKnownFileType = sourcecode.c.h; path = unpack_template.h; sourceTree = "<group>"; };
		9AE2E53C197DB492003D23B6 /* version.h */ = {isa = PBXFileReference; lastKnownFileType = sourcecode.c.h; path = version.h; sourceTree = "<group>"; };
		9AE2E53D197DB492003D23B6 /* version_master.h */ = {isa = PBXFileReference; lastKnownFileType = sourcecode.c.h; path = version_master.h; sourceTree = "<group>"; };
		9AE2E53E197DB492003D23B6 /* vrefbuffer.h */ = {isa = PBXFileReference; lastKnownFileType = sourcecode.c.h; path = vrefbuffer.h; sourceTree = "<group>"; };
		9AE2E53F197DB492003D23B6 /* zbuffer.h */ = {isa = PBXFileReference; lastKnownFileType = sourcecode.c.h; path = zbuffer.h; sourceTree = "<group>"; };
		9AE2E540197DB492003D23B6 /* zone.h */ = {isa = PBXFileReference; lastKnownFileType = sourcecode.c.h; path = zone.h; sourceTree = "<group>"; };
		9AE2E541197DB492003D23B6 /* msgpack.h */ = {isa = PBXFileReference; lastKnownFileType = sourcecode.c.h; path = msgpack.h; sourceTree = "<group>"; };
		9AE2E542197DB492003D23B6 /* objectc.c */ = {isa = PBXFileReference; lastKnownFileType = sourcecode.c.c; path = objectc.c; sourceTree = "<group>"; };
		9AE2E543197DB492003D23B6 /* unpack.c */ = {isa = PBXFileReference; lastKnownFileType = sourcecode.c.c; path = unpack.c; sourceTree = "<group>"; };
		9AE2E544197DB492003D23B6 /* version.c */ = {isa = PBXFileReference; lastKnownFileType = sourcecode.c.c; path = version.c; sourceTree = "<group>"; };
		9AE2E545197DB492003D23B6 /* vrefbuffer.c */ = {isa = PBXFileReference; lastKnownFileType = sourcecode.c.c; path = vrefbuffer.c; sourceTree = "<group>"; };
		9AE2E546197DB492003D23B6 /* zone.c */ = {isa = PBXFileReference; lastKnownFileType = sourcecode.c.c; path = zone.c; sourceTree = "<group>"; };
		9AE2E547197DB492003D23B6 /* NSArray+MessagePack.h */ = {isa = PBXFileReference; lastKnownFileType = sourcecode.c.h; name = "NSArray+MessagePack.h"; path = "../NSArray+MessagePack.h"; sourceTree = "<group>"; };
		9AE2E548197DB492003D23B6 /* NSArray+MessagePack.m */ = {isa = PBXFileReference; lastKnownFileType = sourcecode.c.objc; name = "NSArray+MessagePack.m"; path = "../NSArray+MessagePack.m"; sourceTree = "<group>"; };
		9AE2E549197DB492003D23B6 /* NSData+MessagePack.h */ = {isa = PBXFileReference; lastKnownFileType = sourcecode.c.h; name = "NSData+MessagePack.h"; path = "../NSData+MessagePack.h"; sourceTree = "<group>"; };
		9AE2E54A197DB492003D23B6 /* NSData+MessagePack.m */ = {isa = PBXFileReference; lastKnownFileType = sourcecode.c.objc; name = "NSData+MessagePack.m"; path = "../NSData+MessagePack.m"; sourceTree = "<group>"; };
		9AE2E54B197DB492003D23B6 /* NSDictionary+MessagePack.h */ = {isa = PBXFileReference; lastKnownFileType = sourcecode.c.h; name = "NSDictionary+MessagePack.h"; path = "../NSDictionary+MessagePack.h"; sourceTree = "<group>"; };
		9AE2E54C197DB492003D23B6 /* NSDictionary+MessagePack.m */ = {isa = PBXFileReference; lastKnownFileType = sourcecode.c.objc; name = "NSDictionary+MessagePack.m"; path = "../NSDictionary+MessagePack.m"; sourceTree = "<group>"; };
		9AE2E552197DB4D6003D23B6 /* MessagePack.framework */ = {isa = PBXFileReference; explicitFileType = wrapper.framework; includeInIndex = 0; path = MessagePack.framework; sourceTree = BUILT_PRODUCTS_DIR; };
		9AE2E556197DB4D6003D23B6 /* MessagePack-Info.plist */ = {isa = PBXFileReference; lastKnownFileType = text.plist.xml; path = "MessagePack-Info.plist"; sourceTree = "<group>"; };
		9AE2E558197DB4D6003D23B6 /* en */ = {isa = PBXFileReference; lastKnownFileType = text.plist.strings; name = en; path = en.lproj/InfoPlist.strings; sourceTree = "<group>"; };
		9AE2E55A197DB4D6003D23B6 /* MessagePack-Prefix.pch */ = {isa = PBXFileReference; lastKnownFileType = sourcecode.c.h; path = "MessagePack-Prefix.pch"; sourceTree = "<group>"; };
		9AE2E59D197DB8FB003D23B6 /* NSString+MessagePack.h */ = {isa = PBXFileReference; fileEncoding = 4; lastKnownFileType = sourcecode.c.h; name = "NSString+MessagePack.h"; path = "../NSString+MessagePack.h"; sourceTree = "<group>"; };
		9AE2E59E197DB8FB003D23B6 /* NSString+MessagePack.m */ = {isa = PBXFileReference; fileEncoding = 4; lastKnownFileType = sourcecode.c.objc; name = "NSString+MessagePack.m"; path = "../NSString+MessagePack.m"; sourceTree = "<group>"; };
		9AE2E5A5197DBA5D003D23B6 /* MessagePack-framework Tests.xctest */ = {isa = PBXFileReference; explicitFileType = wrapper.cfbundle; includeInIndex = 0; path = "MessagePack-framework Tests.xctest"; sourceTree = BUILT_PRODUCTS_DIR; };
		9AE2E5A9197DBA5D003D23B6 /* MessagePack-framework Tests-Info.plist */ = {isa = PBXFileReference; lastKnownFileType = text.plist.xml; path = "MessagePack-framework Tests-Info.plist"; sourceTree = "<group>"; };
		9AE2E5AB197DBA5D003D23B6 /* en */ = {isa = PBXFileReference; lastKnownFileType = text.plist.strings; name = en; path = en.lproj/InfoPlist.strings; sourceTree = "<group>"; };
		9AE2E5AD197DBA5D003D23B6 /* MessagePack_framework_Tests.m */ = {isa = PBXFileReference; lastKnownFileType = sourcecode.c.objc; path = MessagePack_framework_Tests.m; sourceTree = "<group>"; };
		9AE2E5AF197DBA5D003D23B6 /* MessagePack-framework Tests-Prefix.pch */ = {isa = PBXFileReference; lastKnownFileType = sourcecode.c.h; path = "MessagePack-framework Tests-Prefix.pch"; sourceTree = "<group>"; };
/* End PBXFileReference section */

/* Begin PBXFrameworksBuildPhase section */
		9AE2E54E197DB4D6003D23B6 /* Frameworks */ = {
			isa = PBXFrameworksBuildPhase;
			buildActionMask = 2147483647;
			files = (
				9AE2E553197DB4D6003D23B6 /* Cocoa.framework in Frameworks */,
			);
			runOnlyForDeploymentPostprocessing = 0;
		};
		9AE2E5A2197DBA5D003D23B6 /* Frameworks */ = {
			isa = PBXFrameworksBuildPhase;
			buildActionMask = 2147483647;
			files = (
				9AE2E5A6197DBA5D003D23B6 /* XCTest.framework in Frameworks */,
			);
			runOnlyForDeploymentPostprocessing = 0;
		};
/* End PBXFrameworksBuildPhase section */

/* Begin PBXGroup section */
		9A3C20ED197DB25600A86F36 = {
			isa = PBXGroup;
			children = (
				9AE2E529197DB484003D23B6 /* Sources */,
				9AE2E554197DB4D6003D23B6 /* MessagePack-framework */,
				9AE2E5A7197DBA5D003D23B6 /* MessagePack-framework Tests */,
				9A3C20F9197DB25600A86F36 /* Frameworks */,
				9A3C20F8197DB25600A86F36 /* Products */,
			);
			sourceTree = "<group>";
		};
		9A3C20F8197DB25600A86F36 /* Products */ = {
			isa = PBXGroup;
			children = (
				9AE2E552197DB4D6003D23B6 /* MessagePack.framework */,
				9AE2E5A5197DBA5D003D23B6 /* MessagePack-framework Tests.xctest */,
			);
			name = Products;
			sourceTree = "<group>";
		};
		9A3C20F9197DB25600A86F36 /* Frameworks */ = {
			isa = PBXGroup;
			children = (
				9A3C20FA197DB25600A86F36 /* Cocoa.framework */,
				9A3C210F197DB25600A86F36 /* XCTest.framework */,
				9A3C20FC197DB25600A86F36 /* Other Frameworks */,
			);
			name = Frameworks;
			sourceTree = "<group>";
		};
		9A3C20FC197DB25600A86F36 /* Other Frameworks */ = {
			isa = PBXGroup;
			children = (
				9A3C20FD197DB25600A86F36 /* Foundation.framework */,
				9A3C20FE197DB25600A86F36 /* CoreData.framework */,
				9A3C20FF197DB25600A86F36 /* AppKit.framework */,
			);
			name = "Other Frameworks";
			sourceTree = "<group>";
		};
		9AE2E529197DB484003D23B6 /* Sources */ = {
			isa = PBXGroup;
			children = (
				9AE2E52A197DB492003D23B6 /* MessagePack.h */,
				9AE2E52B197DB492003D23B6 /* MessagePackPacker.h */,
				9AE2E52C197DB492003D23B6 /* MessagePackPacker.m */,
				9AE2E52D197DB492003D23B6 /* MessagePackParser.h */,
				9AE2E52E197DB492003D23B6 /* MessagePackParser.m */,
				9AE2E52F197DB492003D23B6 /* MessagePackParser+Streaming.h */,
				9AE2E530197DB492003D23B6 /* MessagePackParser+Streaming.m */,
				9AE2E531197DB492003D23B6 /* msgpack_src */,
				9AE2E547197DB492003D23B6 /* NSArray+MessagePack.h */,
				9AE2E548197DB492003D23B6 /* NSArray+MessagePack.m */,
				9AE2E549197DB492003D23B6 /* NSData+MessagePack.h */,
				9AE2E54A197DB492003D23B6 /* NSData+MessagePack.m */,
				9AE2E54B197DB492003D23B6 /* NSDictionary+MessagePack.h */,
				9AE2E54C197DB492003D23B6 /* NSDictionary+MessagePack.m */,
				9AE2E59D197DB8FB003D23B6 /* NSString+MessagePack.h */,
				9AE2E59E197DB8FB003D23B6 /* NSString+MessagePack.m */,
			);
			name = Sources;
			sourceTree = "<group>";
		};
		9AE2E531197DB492003D23B6 /* msgpack_src */ = {
			isa = PBXGroup;
			children = (
				9AE2E532197DB492003D23B6 /* msgpack */,
				9AE2E541197DB492003D23B6 /* msgpack.h */,
				9AE2E542197DB492003D23B6 /* objectc.c */,
				9AE2E543197DB492003D23B6 /* unpack.c */,
				9AE2E544197DB492003D23B6 /* version.c */,
				9AE2E545197DB492003D23B6 /* vrefbuffer.c */,
				9AE2E546197DB492003D23B6 /* zone.c */,
			);
			name = msgpack_src;
			path = ../msgpack_src;
			sourceTree = "<group>";
		};
		9AE2E532197DB492003D23B6 /* msgpack */ = {
			isa = PBXGroup;
			children = (
				9AE2E533197DB492003D23B6 /* object.h */,
				9AE2E534197DB492003D23B6 /* pack.h */,
				9AE2E535197DB492003D23B6 /* pack_define.h */,
				9AE2E536197DB492003D23B6 /* pack_template.h */,
				9AE2E537197DB492003D23B6 /* sbuffer.h */,
				9AE2E538197DB492003D23B6 /* sysdep.h */,
				9AE2E539197DB492003D23B6 /* unpack.h */,
				9AE2E53A197DB492003D23B6 /* unpack_define.h */,
				9AE2E53B197DB492003D23B6 /* unpack_template.h */,
				9AE2E53C197DB492003D23B6 /* version.h */,
				9AE2E53D197DB492003D23B6 /* version_master.h */,
				9AE2E53E197DB492003D23B6 /* vrefbuffer.h */,
				9AE2E53F197DB492003D23B6 /* zbuffer.h */,
				9AE2E540197DB492003D23B6 /* zone.h */,
			);
			path = msgpack;
			sourceTree = "<group>";
		};
		9AE2E554197DB4D6003D23B6 /* MessagePack-framework */ = {
			isa = PBXGroup;
			children = (
				9AE2E555197DB4D6003D23B6 /* Supporting Files */,
			);
			path = "MessagePack-framework";
			sourceTree = "<group>";
		};
		9AE2E555197DB4D6003D23B6 /* Supporting Files */ = {
			isa = PBXGroup;
			children = (
				9AE2E556197DB4D6003D23B6 /* MessagePack-Info.plist */,
				9AE2E557197DB4D6003D23B6 /* InfoPlist.strings */,
				9AE2E55A197DB4D6003D23B6 /* MessagePack-Prefix.pch */,
			);
			name = "Supporting Files";
			sourceTree = "<group>";
		};
		9AE2E5A7197DBA5D003D23B6 /* MessagePack-framework Tests */ = {
			isa = PBXGroup;
			children = (
				9AE2E5AD197DBA5D003D23B6 /* MessagePack_framework_Tests.m */,
				9AE2E5A8197DBA5D003D23B6 /* Supporting Files */,
			);
			path = "MessagePack-framework Tests";
			sourceTree = "<group>";
		};
		9AE2E5A8197DBA5D003D23B6 /* Supporting Files */ = {
			isa = PBXGroup;
			children = (
				9AE2E5A9197DBA5D003D23B6 /* MessagePack-framework Tests-Info.plist */,
				9AE2E5AA197DBA5D003D23B6 /* InfoPlist.strings */,
				9AE2E5AF197DBA5D003D23B6 /* MessagePack-framework Tests-Prefix.pch */,
			);
			name = "Supporting Files";
			sourceTree = "<group>";
		};
/* End PBXGroup section */

/* Begin PBXHeadersBuildPhase section */
		9AE2E54F197DB4D6003D23B6 /* Headers */ = {
			isa = PBXHeadersBuildPhase;
			buildActionMask = 2147483647;
			files = (
				9AE2E595197DB73C003D23B6 /* MessagePack.h in Headers */,
				9AE2E596197DB73C003D23B6 /* MessagePackPacker.h in Headers */,
				9AE2E597197DB73C003D23B6 /* MessagePackParser.h in Headers */,
				9AE2E598197DB73C003D23B6 /* MessagePackParser+Streaming.h in Headers */,
				9AE2E599197DB73C003D23B6 /* NSArray+MessagePack.h in Headers */,
				9AE2E59A197DB73C003D23B6 /* NSData+MessagePack.h in Headers */,
				9AE2E59B197DB73C003D23B6 /* NSDictionary+MessagePack.h in Headers */,
				9AE2E59C197DB8A1003D23B6 /* msgpack.h in Headers */,
				9AE2E59F197DB8FB003D23B6 /* NSString+MessagePack.h in Headers */,
			);
			runOnlyForDeploymentPostprocessing = 0;
		};
/* End PBXHeadersBuildPhase section */

/* Begin PBXNativeTarget section */
		9AE2E551197DB4D6003D23B6 /* MessagePack-framework */ = {
			isa = PBXNativeTarget;
			buildConfigurationList = 9AE2E570197DB4D7003D23B6 /* Build configuration list for PBXNativeTarget "MessagePack-framework" */;
			buildPhases = (
				9AE2E54D197DB4D6003D23B6 /* Sources */,
				9AE2E54E197DB4D6003D23B6 /* Frameworks */,
				9AE2E54F197DB4D6003D23B6 /* Headers */,
				9AE2E550197DB4D6003D23B6 /* Resources */,
			);
			buildRules = (
			);
			dependencies = (
			);
			name = "MessagePack-framework";
			productName = "MessagePack-framework";
			productReference = 9AE2E552197DB4D6003D23B6 /* MessagePack.framework */;
			productType = "com.apple.product-type.framework";
		};
		9AE2E5A4197DBA5D003D23B6 /* MessagePack-framework Tests */ = {
			isa = PBXNativeTarget;
			buildConfigurationList = 9AE2E5B2197DBA5D003D23B6 /* Build configuration list for PBXNativeTarget "MessagePack-framework Tests" */;
			buildPhases = (
				9AE2E5A1197DBA5D003D23B6 /* Sources */,
				9AE2E5A2197DBA5D003D23B6 /* Frameworks */,
				9AE2E5A3197DBA5D003D23B6 /* Resources */,
			);
			buildRules = (
			);
			dependencies = (
				9AE2E5B1197DBA5D003D23B6 /* PBXTargetDependency */,
			);
			name = "MessagePack-framework Tests";
			productName = "MessagePack-framework Tests";
			productReference = 9AE2E5A5197DBA5D003D23B6 /* MessagePack-framework Tests.xctest */;
			productType = "com.apple.product-type.bundle.unit-test";
		};
/* End PBXNativeTarget section */

/* Begin PBXProject section */
		9A3C20EE197DB25600A86F36 /* Project object */ = {
			isa = PBXProject;
			attributes = {
				LastUpgradeCheck = 0510;
				ORGANIZATIONNAME = "Charles Francoise";
				TargetAttributes = {
					9AE2E5A4197DBA5D003D23B6 = {
						TestTargetID = 9AE2E551197DB4D6003D23B6;
					};
				};
			};
			buildConfigurationList = 9A3C20F1197DB25600A86F36 /* Build configuration list for PBXProject "MessagePack" */;
			compatibilityVersion = "Xcode 3.2";
			developmentRegion = English;
			hasScannedForEncodings = 0;
			knownRegions = (
				en,
			);
			mainGroup = 9A3C20ED197DB25600A86F36;
			productRefGroup = 9A3C20F8197DB25600A86F36 /* Products */;
			projectDirPath = "";
			projectRoot = "";
			targets = (
				9AE2E551197DB4D6003D23B6 /* MessagePack-framework */,
				9AE2E5A4197DBA5D003D23B6 /* MessagePack-framework Tests */,
			);
		};
/* End PBXProject section */

/* Begin PBXResourcesBuildPhase section */
		9AE2E550197DB4D6003D23B6 /* Resources */ = {
			isa = PBXResourcesBuildPhase;
			buildActionMask = 2147483647;
			files = (
				9AE2E559197DB4D6003D23B6 /* InfoPlist.strings in Resources */,
			);
			runOnlyForDeploymentPostprocessing = 0;
		};
		9AE2E5A3197DBA5D003D23B6 /* Resources */ = {
			isa = PBXResourcesBuildPhase;
			buildActionMask = 2147483647;
			files = (
				9AE2E5AC197DBA5D003D23B6 /* InfoPlist.strings in Resources */,
			);
			runOnlyForDeploymentPostprocessing = 0;
		};
/* End PBXResourcesBuildPhase section */

/* Begin PBXSourcesBuildPhase section */
		9AE2E54D197DB4D6003D23B6 /* Sources */ = {
			isa = PBXSourcesBuildPhase;
			buildActionMask = 2147483647;
			files = (
				9AE2E5A0197DB8FB003D23B6 /* NSString+MessagePack.m in Sources */,
				9AE2E590197DB604003D23B6 /* objectc.c in Sources */,
				9AE2E591197DB604003D23B6 /* unpack.c in Sources */,
				9AE2E592197DB604003D23B6 /* version.c in Sources */,
				9AE2E593197DB604003D23B6 /* vrefbuffer.c in Sources */,
				9AE2E594197DB604003D23B6 /* zone.c in Sources */,
				9AE2E58A197DB5FB003D23B6 /* MessagePackPacker.m in Sources */,
				9AE2E58B197DB5FB003D23B6 /* MessagePackParser.m in Sources */,
				9AE2E58C197DB5FB003D23B6 /* MessagePackParser+Streaming.m in Sources */,
				9AE2E58D197DB5FB003D23B6 /* NSArray+MessagePack.m in Sources */,
				9AE2E58E197DB5FB003D23B6 /* NSData+MessagePack.m in Sources */,
				9AE2E58F197DB5FB003D23B6 /* NSDictionary+MessagePack.m in Sources */,
			);
			runOnlyForDeploymentPostprocessing = 0;
		};
		9AE2E5A1197DBA5D003D23B6 /* Sources */ = {
			isa = PBXSourcesBuildPhase;
			buildActionMask = 2147483647;
			files = (
				9AE2E5AE197DBA5D003D23B6 /* MessagePack_framework_Tests.m in Sources */,
			);
			runOnlyForDeploymentPostprocessing = 0;
		};
/* End PBXSourcesBuildPhase section */

/* Begin PBXTargetDependency section */
		9AE2E5B1197DBA5D003D23B6 /* PBXTargetDependency */ = {
			isa = PBXTargetDependency;
			target = 9AE2E551197DB4D6003D23B6 /* MessagePack-framework */;
			targetProxy = 9AE2E5B0197DBA5D003D23B6 /* PBXContainerItemProxy */;
		};
/* End PBXTargetDependency section */

/* Begin PBXVariantGroup section */
		9AE2E557197DB4D6003D23B6 /* InfoPlist.strings */ = {
			isa = PBXVariantGroup;
			children = (
				9AE2E558197DB4D6003D23B6 /* en */,
			);
			name = InfoPlist.strings;
			sourceTree = "<group>";
		};
		9AE2E5AA197DBA5D003D23B6 /* InfoPlist.strings */ = {
			isa = PBXVariantGroup;
			children = (
				9AE2E5AB197DBA5D003D23B6 /* en */,
			);
			name = InfoPlist.strings;
			sourceTree = "<group>";
		};
/* End PBXVariantGroup section */

/* Begin XCBuildConfiguration section */
		9A3C211D197DB25600A86F36 /* Debug */ = {
			isa = XCBuildConfiguration;
			buildSettings = {
				ALWAYS_SEARCH_USER_PATHS = NO;
				CLANG_CXX_LANGUAGE_STANDARD = "gnu++0x";
				CLANG_CXX_LIBRARY = "libc++";
				CLANG_ENABLE_MODULES = YES;
				CLANG_ENABLE_OBJC_ARC = YES;
				CLANG_WARN_BOOL_CONVERSION = YES;
				CLANG_WARN_CONSTANT_CONVERSION = YES;
				CLANG_WARN_DIRECT_OBJC_ISA_USAGE = YES_ERROR;
				CLANG_WARN_EMPTY_BODY = YES;
				CLANG_WARN_ENUM_CONVERSION = YES;
				CLANG_WARN_INT_CONVERSION = YES;
				CLANG_WARN_OBJC_ROOT_CLASS = YES_ERROR;
				CLANG_WARN__DUPLICATE_METHOD_MATCH = YES;
				COPY_PHASE_STRIP = NO;
				GCC_C_LANGUAGE_STANDARD = gnu99;
				GCC_DYNAMIC_NO_PIC = NO;
				GCC_ENABLE_OBJC_EXCEPTIONS = YES;
				GCC_OPTIMIZATION_LEVEL = 0;
				GCC_PREPROCESSOR_DEFINITIONS = (
					"DEBUG=1",
					"$(inherited)",
				);
				GCC_SYMBOLS_PRIVATE_EXTERN = NO;
				GCC_WARN_64_TO_32_BIT_CONVERSION = YES;
				GCC_WARN_ABOUT_RETURN_TYPE = YES_ERROR;
				GCC_WARN_UNDECLARED_SELECTOR = YES;
				GCC_WARN_UNINITIALIZED_AUTOS = YES_AGGRESSIVE;
				GCC_WARN_UNUSED_FUNCTION = YES;
				GCC_WARN_UNUSED_VARIABLE = YES;
				MACOSX_DEPLOYMENT_TARGET = 10.9;
				ONLY_ACTIVE_ARCH = YES;
				SDKROOT = macosx;
			};
			name = Debug;
		};
		9A3C211E197DB25600A86F36 /* Release */ = {
			isa = XCBuildConfiguration;
			buildSettings = {
				ALWAYS_SEARCH_USER_PATHS = NO;
				CLANG_CXX_LANGUAGE_STANDARD = "gnu++0x";
				CLANG_CXX_LIBRARY = "libc++";
				CLANG_ENABLE_MODULES = YES;
				CLANG_ENABLE_OBJC_ARC = YES;
				CLANG_WARN_BOOL_CONVERSION = YES;
				CLANG_WARN_CONSTANT_CONVERSION = YES;
				CLANG_WARN_DIRECT_OBJC_ISA_USAGE = YES_ERROR;
				CLANG_WARN_EMPTY_BODY = YES;
				CLANG_WARN_ENUM_CONVERSION = YES;
				CLANG_WARN_INT_CONVERSION = YES;
				CLANG_WARN_OBJC_ROOT_CLASS = YES_ERROR;
				CLANG_WARN__DUPLICATE_METHOD_MATCH = YES;
				COPY_PHASE_STRIP = YES;
				DEBUG_INFORMATION_FORMAT = "dwarf-with-dsym";
				ENABLE_NS_ASSERTIONS = NO;
				GCC_C_LANGUAGE_STANDARD = gnu99;
				GCC_ENABLE_OBJC_EXCEPTIONS = YES;
				GCC_WARN_64_TO_32_BIT_CONVERSION = YES;
				GCC_WARN_ABOUT_RETURN_TYPE = YES_ERROR;
				GCC_WARN_UNDECLARED_SELECTOR = YES;
				GCC_WARN_UNINITIALIZED_AUTOS = YES_AGGRESSIVE;
				GCC_WARN_UNUSED_FUNCTION = YES;
				GCC_WARN_UNUSED_VARIABLE = YES;
				MACOSX_DEPLOYMENT_TARGET = 10.9;
				SDKROOT = macosx;
			};
			name = Release;
		};
		9AE2E571197DB4D7003D23B6 /* Debug */ = {
			isa = XCBuildConfiguration;
			buildSettings = {
				COMBINE_HIDPI_IMAGES = YES;
				DYLIB_COMPATIBILITY_VERSION = 1;
				DYLIB_CURRENT_VERSION = 1;
				FRAMEWORK_VERSION = A;
				GCC_PRECOMPILE_PREFIX_HEADER = YES;
				GCC_PREFIX_HEADER = "MessagePack-framework/MessagePack-Prefix.pch";
				HEADER_SEARCH_PATHS = (
					"$(SRCROOT)/../msgpack_src",
					"$(inherited)",
					/Applications/Xcode.app/Contents/Developer/Toolchains/XcodeDefault.xctoolchain/usr/include,
				);
				INFOPLIST_FILE = "MessagePack-framework/MessagePack-Info.plist";
				PRODUCT_NAME = MessagePack;
				WRAPPER_EXTENSION = framework;
			};
			name = Debug;
		};
		9AE2E572197DB4D7003D23B6 /* Release */ = {
			isa = XCBuildConfiguration;
			buildSettings = {
				COMBINE_HIDPI_IMAGES = YES;
				DYLIB_COMPATIBILITY_VERSION = 1;
				DYLIB_CURRENT_VERSION = 1;
				FRAMEWORK_VERSION = A;
				GCC_PRECOMPILE_PREFIX_HEADER = YES;
				GCC_PREFIX_HEADER = "MessagePack-framework/MessagePack-Prefix.pch";
				HEADER_SEARCH_PATHS = (
					"$(SRCROOT)/../msgpack_src",
					"$(inherited)",
					/Applications/Xcode.app/Contents/Developer/Toolchains/XcodeDefault.xctoolchain/usr/include,
				);
				INFOPLIST_FILE = "MessagePack-framework/MessagePack-Info.plist";
				PRODUCT_NAME = MessagePack;
				WRAPPER_EXTENSION = framework;
			};
			name = Release;
		};
		9AE2E5B3197DBA5D003D23B6 /* Debug */ = {
			isa = XCBuildConfiguration;
			buildSettings = {
				FRAMEWORK_SEARCH_PATHS = (
					"$(DEVELOPER_FRAMEWORKS_DIR)",
					"$(inherited)",
				);
				GCC_PRECOMPILE_PREFIX_HEADER = YES;
				GCC_PREFIX_HEADER = "MessagePack-framework Tests/MessagePack-framework Tests-Prefix.pch";
				GCC_PREPROCESSOR_DEFINITIONS = (
					"DEBUG=1",
					"$(inherited)",
				);
				INFOPLIST_FILE = "MessagePack-framework Tests/MessagePack-framework Tests-Info.plist";
				PRODUCT_NAME = "$(TARGET_NAME)";
				WRAPPER_EXTENSION = xctest;
			};
			name = Debug;
		};
		9AE2E5B4197DBA5D003D23B6 /* Release */ = {
			isa = XCBuildConfiguration;
			buildSettings = {
				FRAMEWORK_SEARCH_PATHS = (
					"$(DEVELOPER_FRAMEWORKS_DIR)",
					"$(inherited)",
				);
				GCC_PRECOMPILE_PREFIX_HEADER = YES;
				GCC_PREFIX_HEADER = "MessagePack-framework Tests/MessagePack-framework Tests-Prefix.pch";
				INFOPLIST_FILE = "MessagePack-framework Tests/MessagePack-framework Tests-Info.plist";
				PRODUCT_NAME = "$(TARGET_NAME)";
				WRAPPER_EXTENSION = xctest;
			};
			name = Release;
		};
/* End XCBuildConfiguration section */

/* Begin XCConfigurationList section */
		9A3C20F1197DB25600A86F36 /* Build configuration list for PBXProject "MessagePack" */ = {
			isa = XCConfigurationList;
			buildConfigurations = (
				9A3C211D197DB25600A86F36 /* Debug */,
				9A3C211E197DB25600A86F36 /* Release */,
			);
			defaultConfigurationIsVisible = 0;
			defaultConfigurationName = Release;
		};
		9AE2E570197DB4D7003D23B6 /* Build configuration list for PBXNativeTarget "MessagePack-framework" */ = {
			isa = XCConfigurationList;
			buildConfigurations = (
				9AE2E571197DB4D7003D23B6 /* Debug */,
				9AE2E572197DB4D7003D23B6 /* Release */,
			);
			defaultConfigurationIsVisible = 0;
		};
		9AE2E5B2197DBA5D003D23B6 /* Build configuration list for PBXNativeTarget "MessagePack-framework Tests" */ = {
			isa = XCConfigurationList;
			buildConfigurations = (
				9AE2E5B3197DBA5D003D23B6 /* Debug */,
				9AE2E5B4197DBA5D003D23B6 /* Release */,
			);
			defaultConfigurationIsVisible = 0;
		};
/* End XCConfigurationList section */
	};
	rootObject = 9A3C20EE197DB25600A86F36 /* Project object */;
}
